Microsoft Visual Studio Solution File, Format Version 12.00
# Visual Studio Version 16
VisualStudioVersion = 16.0.29613.14
MinimumVisualStudioVersion = 10.0.40219.1
Project("{8BC9CEB8-8B4A-11D0-8D11-00A0C91BC942}") = "ring-daemon", "..\daemon\build\ring-daemon.vcxproj", "{8819D074-8F1F-3226-A611-F2E0BD9B6DBE}"
	ProjectSection(ProjectDependencies) = postProject
		{2BB84911-C1B4-4747-B93D-36AA82CC5031} = {2BB84911-C1B4-4747-B93D-36AA82CC5031}
		{A5D9AA24-08ED-48B9-BD65-F0A25E96BFC4} = {A5D9AA24-08ED-48B9-BD65-F0A25E96BFC4}
		{B82CDD25-6903-430E-BD38-D8129A2015C1} = {B82CDD25-6903-430E-BD38-D8129A2015C1}
		{FE07F272-AE7F-4549-9E9F-EF9B80CB1693} = {FE07F272-AE7F-4549-9E9F-EF9B80CB1693}
		{7FDE3880-A4AB-49E3-B439-EBEF0A0C7A65} = {7FDE3880-A4AB-49E3-B439-EBEF0A0C7A65}
		{855DC8C0-D3E9-4A2E-AE47-116605A7BC9B} = {855DC8C0-D3E9-4A2E-AE47-116605A7BC9B}
		{4B5945CD-0CB3-49AA-A7FF-7612D93F82C0} = {4B5945CD-0CB3-49AA-A7FF-7612D93F82C0}
		{E23F393D-035D-3A88-8335-96339271FFC2} = {E23F393D-035D-3A88-8335-96339271FFC2}
		{B8719FD5-E8A6-4A36-943C-891D07F5DD21} = {B8719FD5-E8A6-4A36-943C-891D07F5DD21}
		{DA0E03ED-53A7-4050-8A85-90541C5509F8} = {DA0E03ED-53A7-4050-8A85-90541C5509F8}
		{9CA0FDFB-2172-41FC-B7F1-5CE915EDCB37} = {9CA0FDFB-2172-41FC-B7F1-5CE915EDCB37}
	EndProjectSection
EndProject
Project("{8BC9CEB8-8B4A-11D0-8D11-00A0C91BC942}") = "ringclient_static", "..\lrc\build\ringclient_static.vcxproj", "{B39971A8-F247-31DE-8029-A90CE9549533}"
EndProject
Project("{8BC9CEB8-8B4A-11D0-8D11-00A0C91BC942}") = "qtwrapper", "..\lrc\build\src\qtwrapper\qtwrapper.vcxproj", "{4295A40A-1D7D-3A99-AB29-0C144CAB27F1}"
	ProjectSection(ProjectDependencies) = postProject
		{8819D074-8F1F-3226-A611-F2E0BD9B6DBE} = {8819D074-8F1F-3226-A611-F2E0BD9B6DBE}
	EndProjectSection
EndProject
Project("{930C7802-8A8C-48F9-8165-68863BCCD9DD}") = "JamiInstaller", "JamiInstaller\JamiInstaller.wixproj", "{DBBFBC55-1C20-4D21-AE3B-6E8B14C4FE48}"
EndProject
Project("{2150E333-8FDC-42A3-9474-1A3956D46DE8}") = "daemon", "daemon", "{B6752729-7398-46FA-9CF0-DC854C6AB8CA}"
EndProject
Project("{8BC9CEB8-8B4A-11D0-8D11-00A0C91BC942}") = "pjnath", "..\daemon\contrib\build\pjproject\pjnath\build\pjnath.vcxproj", "{A5D9AA24-08ED-48B9-BD65-F0A25E96BFC4}"
EndProject
Project("{2150E333-8FDC-42A3-9474-1A3956D46DE8}") = "pjproject", "pjproject", "{14A77BA7-0E23-4D8F-A74F-5D5D5583035D}"
EndProject
Project("{8BC9CEB8-8B4A-11D0-8D11-00A0C91BC942}") = "pjmedia", "..\daemon\contrib\build\pjproject\pjmedia\build\pjmedia.vcxproj", "{7FDE3880-A4AB-49E3-B439-EBEF0A0C7A65}"
EndProject
Project("{8BC9CEB8-8B4A-11D0-8D11-00A0C91BC942}") = "pjmedia_codec", "..\daemon\contrib\build\pjproject\pjmedia\build\pjmedia_codec.vcxproj", "{855DC8C0-D3E9-4A2E-AE47-116605A7BC9B}"
EndProject
Project("{8BC9CEB8-8B4A-11D0-8D11-00A0C91BC942}") = "pjlib_util", "..\daemon\contrib\build\pjproject\pjlib-util\build\pjlib_util.vcxproj", "{FE07F272-AE7F-4549-9E9F-EF9B80CB1693}"
EndProject
Project("{8BC9CEB8-8B4A-11D0-8D11-00A0C91BC942}") = "pjlib", "..\daemon\contrib\build\pjproject\pjlib\build\pjlib.vcxproj", "{DA0E03ED-53A7-4050-8A85-90541C5509F8}"
EndProject
Project("{8BC9CEB8-8B4A-11D0-8D11-00A0C91BC942}") = "pjsip_core", "..\daemon\contrib\build\pjproject\pjsip\build\pjsip_core.vcxproj", "{2BB84911-C1B4-4747-B93D-36AA82CC5031}"
EndProject
Project("{8BC9CEB8-8B4A-11D0-8D11-00A0C91BC942}") = "pjsua2_lib", "..\daemon\contrib\build\pjproject\pjsip\build\pjsua2_lib.vcxproj", "{B82CDD25-6903-430E-BD38-D8129A2015C1}"
EndProject
Project("{8BC9CEB8-8B4A-11D0-8D11-00A0C91BC942}") = "pjsua_lib", "..\daemon\contrib\build\pjproject\pjsip\build\pjsua_lib.vcxproj", "{9CA0FDFB-2172-41FC-B7F1-5CE915EDCB37}"
EndProject
Project("{8BC9CEB8-8B4A-11D0-8D11-00A0C91BC942}") = "pjsip_simple", "..\daemon\contrib\build\pjproject\pjsip\build\pjsip_simple.vcxproj", "{4B5945CD-0CB3-49AA-A7FF-7612D93F82C0}"
EndProject
Project("{8BC9CEB8-8B4A-11D0-8D11-00A0C91BC942}") = "pjsip_ua", "..\daemon\contrib\build\pjproject\pjsip\build\pjsip_ua.vcxproj", "{B8719FD5-E8A6-4A36-943C-891D07F5DD21}"
EndProject
Project("{2150E333-8FDC-42A3-9474-1A3956D46DE8}") = "lrc", "lrc", "{31F92F98-3580-445D-A3DA-D081B427A562}"
EndProject
Project("{2150E333-8FDC-42A3-9474-1A3956D46DE8}") = "client", "client", "{1ECB5BD6-B3A0-4135-BA3F-48FC367B61C9}"
EndProject
Project("{2150E333-8FDC-42A3-9474-1A3956D46DE8}") = "contrib", "contrib", "{B4FD804C-ABD9-4F54-858B-911F0119580C}"
EndProject
Project("{8BC9CEB8-8B4A-11D0-8D11-00A0C91BC942}") = "opendht-static", "..\daemon\contrib\build\opendht\build\opendht-static.vcxproj", "{E23F393D-035D-3A88-8335-96339271FFC2}"
EndProject
Project("{8BC9CEB8-8B4A-11D0-8D11-00A0C91BC942}") = "jami-qt", "build\jami-qt.vcxproj", "{EC128C5F-DDC7-3828-98C8-B9CEAD61B131}"
EndProject
Global
	GlobalSection(SolutionConfigurationPlatforms) = preSolution
		Beta|Any CPU = Beta|Any CPU
		Beta|x64 = Beta|x64
		Beta|x86 = Beta|x86
		Debug|Any CPU = Debug|Any CPU
		Debug|x64 = Debug|x64
		Debug|x86 = Debug|x86
		MinSizeRel|Any CPU = MinSizeRel|Any CPU
		MinSizeRel|x64 = MinSizeRel|x64
		MinSizeRel|x86 = MinSizeRel|x86
		Release|Any CPU = Release|Any CPU
		Release|x64 = Release|x64
		Release|x86 = Release|x86
		ReleaseCompile|Any CPU = ReleaseCompile|Any CPU
		ReleaseCompile|x64 = ReleaseCompile|x64
		ReleaseCompile|x86 = ReleaseCompile|x86
		ReleaseLib_win32|Any CPU = ReleaseLib_win32|Any CPU
		ReleaseLib_win32|x64 = ReleaseLib_win32|x64
		ReleaseLib_win32|x86 = ReleaseLib_win32|x86
		ReleaseLib|Any CPU = ReleaseLib|Any CPU
		ReleaseLib|x64 = ReleaseLib|x64
		ReleaseLib|x86 = ReleaseLib|x86
		RelWithDebInfo|Any CPU = RelWithDebInfo|Any CPU
		RelWithDebInfo|x64 = RelWithDebInfo|x64
		RelWithDebInfo|x86 = RelWithDebInfo|x86
	EndGlobalSection
	GlobalSection(ProjectConfigurationPlatforms) = postSolution
		{8819D074-8F1F-3226-A611-F2E0BD9B6DBE}.Beta|Any CPU.ActiveCfg = ReleaseLib_win32|x64
		{8819D074-8F1F-3226-A611-F2E0BD9B6DBE}.Beta|Any CPU.Build.0 = ReleaseLib_win32|x64
		{8819D074-8F1F-3226-A611-F2E0BD9B6DBE}.Beta|x64.ActiveCfg = ReleaseLib_win32|x64
		{8819D074-8F1F-3226-A611-F2E0BD9B6DBE}.Beta|x64.Build.0 = ReleaseLib_win32|x64
		{8819D074-8F1F-3226-A611-F2E0BD9B6DBE}.Beta|x86.ActiveCfg = ReleaseLib_win32|x64
		{8819D074-8F1F-3226-A611-F2E0BD9B6DBE}.Beta|x86.Build.0 = ReleaseLib_win32|x64
		{8819D074-8F1F-3226-A611-F2E0BD9B6DBE}.Debug|Any CPU.ActiveCfg = ReleaseLib_win32|x64
		{8819D074-8F1F-3226-A611-F2E0BD9B6DBE}.Debug|Any CPU.Build.0 = ReleaseLib_win32|x64
		{8819D074-8F1F-3226-A611-F2E0BD9B6DBE}.Debug|x64.ActiveCfg = ReleaseLib_win32|x64
		{8819D074-8F1F-3226-A611-F2E0BD9B6DBE}.Debug|x64.Build.0 = ReleaseLib_win32|x64
		{8819D074-8F1F-3226-A611-F2E0BD9B6DBE}.Debug|x86.ActiveCfg = ReleaseLib_win32|x64
		{8819D074-8F1F-3226-A611-F2E0BD9B6DBE}.Debug|x86.Build.0 = ReleaseLib_win32|x64
		{8819D074-8F1F-3226-A611-F2E0BD9B6DBE}.MinSizeRel|Any CPU.ActiveCfg = ReleaseLib_win32|x64
		{8819D074-8F1F-3226-A611-F2E0BD9B6DBE}.MinSizeRel|Any CPU.Build.0 = ReleaseLib_win32|x64
		{8819D074-8F1F-3226-A611-F2E0BD9B6DBE}.MinSizeRel|x64.ActiveCfg = ReleaseLib_win32|x64
		{8819D074-8F1F-3226-A611-F2E0BD9B6DBE}.MinSizeRel|x64.Build.0 = ReleaseLib_win32|x64
		{8819D074-8F1F-3226-A611-F2E0BD9B6DBE}.MinSizeRel|x86.ActiveCfg = ReleaseLib_win32|x64
		{8819D074-8F1F-3226-A611-F2E0BD9B6DBE}.MinSizeRel|x86.Build.0 = ReleaseLib_win32|x64
		{8819D074-8F1F-3226-A611-F2E0BD9B6DBE}.Release|Any CPU.ActiveCfg = ReleaseLib_win32|x64
		{8819D074-8F1F-3226-A611-F2E0BD9B6DBE}.Release|Any CPU.Build.0 = ReleaseLib_win32|x64
		{8819D074-8F1F-3226-A611-F2E0BD9B6DBE}.Release|x64.ActiveCfg = ReleaseLib_win32|x64
		{8819D074-8F1F-3226-A611-F2E0BD9B6DBE}.Release|x64.Build.0 = ReleaseLib_win32|x64
		{8819D074-8F1F-3226-A611-F2E0BD9B6DBE}.Release|x86.ActiveCfg = ReleaseLib_win32|x64
		{8819D074-8F1F-3226-A611-F2E0BD9B6DBE}.Release|x86.Build.0 = ReleaseLib_win32|x64
		{8819D074-8F1F-3226-A611-F2E0BD9B6DBE}.ReleaseCompile|Any CPU.ActiveCfg = ReleaseLib_win32|x64
		{8819D074-8F1F-3226-A611-F2E0BD9B6DBE}.ReleaseCompile|Any CPU.Build.0 = ReleaseLib_win32|x64
		{8819D074-8F1F-3226-A611-F2E0BD9B6DBE}.ReleaseCompile|x64.ActiveCfg = ReleaseLib_win32|x64
		{8819D074-8F1F-3226-A611-F2E0BD9B6DBE}.ReleaseCompile|x64.Build.0 = ReleaseLib_win32|x64
		{8819D074-8F1F-3226-A611-F2E0BD9B6DBE}.ReleaseCompile|x86.ActiveCfg = ReleaseLib_win32|x64
		{8819D074-8F1F-3226-A611-F2E0BD9B6DBE}.ReleaseCompile|x86.Build.0 = ReleaseLib_win32|x64
		{8819D074-8F1F-3226-A611-F2E0BD9B6DBE}.ReleaseLib_win32|Any CPU.ActiveCfg = ReleaseLib_win32|x64
		{8819D074-8F1F-3226-A611-F2E0BD9B6DBE}.ReleaseLib_win32|x64.ActiveCfg = ReleaseLib_win32|x64
		{8819D074-8F1F-3226-A611-F2E0BD9B6DBE}.ReleaseLib_win32|x64.Build.0 = ReleaseLib_win32|x64
		{8819D074-8F1F-3226-A611-F2E0BD9B6DBE}.ReleaseLib_win32|x86.ActiveCfg = ReleaseLib_win32|x64
		{8819D074-8F1F-3226-A611-F2E0BD9B6DBE}.ReleaseLib|Any CPU.ActiveCfg = ReleaseLib_win32|x64
		{8819D074-8F1F-3226-A611-F2E0BD9B6DBE}.ReleaseLib|Any CPU.Build.0 = ReleaseLib_win32|x64
		{8819D074-8F1F-3226-A611-F2E0BD9B6DBE}.ReleaseLib|x64.ActiveCfg = ReleaseLib_win32|x64
		{8819D074-8F1F-3226-A611-F2E0BD9B6DBE}.ReleaseLib|x64.Build.0 = ReleaseLib_win32|x64
		{8819D074-8F1F-3226-A611-F2E0BD9B6DBE}.ReleaseLib|x86.ActiveCfg = ReleaseLib_win32|x64
		{8819D074-8F1F-3226-A611-F2E0BD9B6DBE}.ReleaseLib|x86.Build.0 = ReleaseLib_win32|x64
		{8819D074-8F1F-3226-A611-F2E0BD9B6DBE}.RelWithDebInfo|Any CPU.ActiveCfg = ReleaseLib_win32|x64
		{8819D074-8F1F-3226-A611-F2E0BD9B6DBE}.RelWithDebInfo|Any CPU.Build.0 = ReleaseLib_win32|x64
		{8819D074-8F1F-3226-A611-F2E0BD9B6DBE}.RelWithDebInfo|x64.ActiveCfg = ReleaseLib_win32|x64
		{8819D074-8F1F-3226-A611-F2E0BD9B6DBE}.RelWithDebInfo|x64.Build.0 = ReleaseLib_win32|x64
		{8819D074-8F1F-3226-A611-F2E0BD9B6DBE}.RelWithDebInfo|x86.ActiveCfg = ReleaseLib_win32|x64
		{8819D074-8F1F-3226-A611-F2E0BD9B6DBE}.RelWithDebInfo|x86.Build.0 = ReleaseLib_win32|x64
		{B39971A8-F247-31DE-8029-A90CE9549533}.Beta|Any CPU.ActiveCfg = Release|x64
		{B39971A8-F247-31DE-8029-A90CE9549533}.Beta|x64.ActiveCfg = Release|x64
		{B39971A8-F247-31DE-8029-A90CE9549533}.Beta|x64.Build.0 = Release|x64
		{B39971A8-F247-31DE-8029-A90CE9549533}.Beta|x86.ActiveCfg = Release|x64
		{B39971A8-F247-31DE-8029-A90CE9549533}.Debug|Any CPU.ActiveCfg = Debug|x64
		{B39971A8-F247-31DE-8029-A90CE9549533}.Debug|x64.ActiveCfg = Debug|x64
		{B39971A8-F247-31DE-8029-A90CE9549533}.Debug|x64.Build.0 = Debug|x64
		{B39971A8-F247-31DE-8029-A90CE9549533}.Debug|x86.ActiveCfg = Debug|x64
		{B39971A8-F247-31DE-8029-A90CE9549533}.MinSizeRel|Any CPU.ActiveCfg = MinSizeRel|x64
		{B39971A8-F247-31DE-8029-A90CE9549533}.MinSizeRel|x64.ActiveCfg = MinSizeRel|x64
		{B39971A8-F247-31DE-8029-A90CE9549533}.MinSizeRel|x64.Build.0 = MinSizeRel|x64
		{B39971A8-F247-31DE-8029-A90CE9549533}.MinSizeRel|x86.ActiveCfg = MinSizeRel|x64
		{B39971A8-F247-31DE-8029-A90CE9549533}.Release|Any CPU.ActiveCfg = Release|x64
		{B39971A8-F247-31DE-8029-A90CE9549533}.Release|x64.ActiveCfg = Release|x64
		{B39971A8-F247-31DE-8029-A90CE9549533}.Release|x64.Build.0 = Release|x64
		{B39971A8-F247-31DE-8029-A90CE9549533}.Release|x86.ActiveCfg = Release|x64
		{B39971A8-F247-31DE-8029-A90CE9549533}.ReleaseCompile|Any CPU.ActiveCfg = Release|x64
		{B39971A8-F247-31DE-8029-A90CE9549533}.ReleaseCompile|Any CPU.Build.0 = Release|x64
		{B39971A8-F247-31DE-8029-A90CE9549533}.ReleaseCompile|x64.ActiveCfg = Release|x64
		{B39971A8-F247-31DE-8029-A90CE9549533}.ReleaseCompile|x64.Build.0 = Release|x64
		{B39971A8-F247-31DE-8029-A90CE9549533}.ReleaseCompile|x86.ActiveCfg = Release|x64
		{B39971A8-F247-31DE-8029-A90CE9549533}.ReleaseCompile|x86.Build.0 = Release|x64
		{B39971A8-F247-31DE-8029-A90CE9549533}.ReleaseLib_win32|Any CPU.ActiveCfg = RelWithDebInfo|x64
		{B39971A8-F247-31DE-8029-A90CE9549533}.ReleaseLib_win32|Any CPU.Build.0 = RelWithDebInfo|x64
		{B39971A8-F247-31DE-8029-A90CE9549533}.ReleaseLib_win32|x64.ActiveCfg = Release|x64
		{B39971A8-F247-31DE-8029-A90CE9549533}.ReleaseLib_win32|x64.Build.0 = Release|x64
		{B39971A8-F247-31DE-8029-A90CE9549533}.ReleaseLib_win32|x86.ActiveCfg = RelWithDebInfo|x64
		{B39971A8-F247-31DE-8029-A90CE9549533}.ReleaseLib_win32|x86.Build.0 = RelWithDebInfo|x64
		{B39971A8-F247-31DE-8029-A90CE9549533}.ReleaseLib|Any CPU.ActiveCfg = RelWithDebInfo|x64
		{B39971A8-F247-31DE-8029-A90CE9549533}.ReleaseLib|Any CPU.Build.0 = RelWithDebInfo|x64
		{B39971A8-F247-31DE-8029-A90CE9549533}.ReleaseLib|x64.ActiveCfg = Release|x64
		{B39971A8-F247-31DE-8029-A90CE9549533}.ReleaseLib|x64.Build.0 = Release|x64
		{B39971A8-F247-31DE-8029-A90CE9549533}.ReleaseLib|x86.ActiveCfg = MinSizeRel|x64
		{B39971A8-F247-31DE-8029-A90CE9549533}.ReleaseLib|x86.Build.0 = MinSizeRel|x64
		{B39971A8-F247-31DE-8029-A90CE9549533}.RelWithDebInfo|Any CPU.ActiveCfg = RelWithDebInfo|x64
		{B39971A8-F247-31DE-8029-A90CE9549533}.RelWithDebInfo|x64.ActiveCfg = RelWithDebInfo|x64
		{B39971A8-F247-31DE-8029-A90CE9549533}.RelWithDebInfo|x64.Build.0 = RelWithDebInfo|x64
		{B39971A8-F247-31DE-8029-A90CE9549533}.RelWithDebInfo|x86.ActiveCfg = RelWithDebInfo|x64
		{4295A40A-1D7D-3A99-AB29-0C144CAB27F1}.Beta|Any CPU.ActiveCfg = Release|x64
		{4295A40A-1D7D-3A99-AB29-0C144CAB27F1}.Beta|x64.ActiveCfg = Release|x64
		{4295A40A-1D7D-3A99-AB29-0C144CAB27F1}.Beta|x64.Build.0 = Release|x64
		{4295A40A-1D7D-3A99-AB29-0C144CAB27F1}.Beta|x86.ActiveCfg = Release|x64
		{4295A40A-1D7D-3A99-AB29-0C144CAB27F1}.Debug|Any CPU.ActiveCfg = Debug|x64
		{4295A40A-1D7D-3A99-AB29-0C144CAB27F1}.Debug|x64.ActiveCfg = Debug|x64
		{4295A40A-1D7D-3A99-AB29-0C144CAB27F1}.Debug|x64.Build.0 = Debug|x64
		{4295A40A-1D7D-3A99-AB29-0C144CAB27F1}.Debug|x86.ActiveCfg = Debug|x64
		{4295A40A-1D7D-3A99-AB29-0C144CAB27F1}.MinSizeRel|Any CPU.ActiveCfg = MinSizeRel|x64
		{4295A40A-1D7D-3A99-AB29-0C144CAB27F1}.MinSizeRel|x64.ActiveCfg = MinSizeRel|x64
		{4295A40A-1D7D-3A99-AB29-0C144CAB27F1}.MinSizeRel|x64.Build.0 = MinSizeRel|x64
		{4295A40A-1D7D-3A99-AB29-0C144CAB27F1}.MinSizeRel|x86.ActiveCfg = MinSizeRel|x64
		{4295A40A-1D7D-3A99-AB29-0C144CAB27F1}.Release|Any CPU.ActiveCfg = Release|x64
		{4295A40A-1D7D-3A99-AB29-0C144CAB27F1}.Release|x64.ActiveCfg = Release|x64
		{4295A40A-1D7D-3A99-AB29-0C144CAB27F1}.Release|x64.Build.0 = Release|x64
		{4295A40A-1D7D-3A99-AB29-0C144CAB27F1}.Release|x86.ActiveCfg = Release|x64
		{4295A40A-1D7D-3A99-AB29-0C144CAB27F1}.ReleaseCompile|Any CPU.ActiveCfg = Release|x64
		{4295A40A-1D7D-3A99-AB29-0C144CAB27F1}.ReleaseCompile|Any CPU.Build.0 = Release|x64
		{4295A40A-1D7D-3A99-AB29-0C144CAB27F1}.ReleaseCompile|x64.ActiveCfg = Release|x64
		{4295A40A-1D7D-3A99-AB29-0C144CAB27F1}.ReleaseCompile|x64.Build.0 = Release|x64
		{4295A40A-1D7D-3A99-AB29-0C144CAB27F1}.ReleaseCompile|x86.ActiveCfg = Release|x64
		{4295A40A-1D7D-3A99-AB29-0C144CAB27F1}.ReleaseCompile|x86.Build.0 = Release|x64
		{4295A40A-1D7D-3A99-AB29-0C144CAB27F1}.ReleaseLib_win32|Any CPU.ActiveCfg = RelWithDebInfo|x64
		{4295A40A-1D7D-3A99-AB29-0C144CAB27F1}.ReleaseLib_win32|Any CPU.Build.0 = RelWithDebInfo|x64
		{4295A40A-1D7D-3A99-AB29-0C144CAB27F1}.ReleaseLib_win32|x64.ActiveCfg = Release|x64
		{4295A40A-1D7D-3A99-AB29-0C144CAB27F1}.ReleaseLib_win32|x64.Build.0 = Release|x64
		{4295A40A-1D7D-3A99-AB29-0C144CAB27F1}.ReleaseLib_win32|x86.ActiveCfg = RelWithDebInfo|x64
		{4295A40A-1D7D-3A99-AB29-0C144CAB27F1}.ReleaseLib_win32|x86.Build.0 = RelWithDebInfo|x64
		{4295A40A-1D7D-3A99-AB29-0C144CAB27F1}.ReleaseLib|Any CPU.ActiveCfg = RelWithDebInfo|x64
		{4295A40A-1D7D-3A99-AB29-0C144CAB27F1}.ReleaseLib|Any CPU.Build.0 = RelWithDebInfo|x64
		{4295A40A-1D7D-3A99-AB29-0C144CAB27F1}.ReleaseLib|x64.ActiveCfg = Release|x64
		{4295A40A-1D7D-3A99-AB29-0C144CAB27F1}.ReleaseLib|x64.Build.0 = Release|x64
		{4295A40A-1D7D-3A99-AB29-0C144CAB27F1}.ReleaseLib|x86.ActiveCfg = MinSizeRel|x64
		{4295A40A-1D7D-3A99-AB29-0C144CAB27F1}.ReleaseLib|x86.Build.0 = MinSizeRel|x64
		{4295A40A-1D7D-3A99-AB29-0C144CAB27F1}.RelWithDebInfo|Any CPU.ActiveCfg = RelWithDebInfo|x64
		{4295A40A-1D7D-3A99-AB29-0C144CAB27F1}.RelWithDebInfo|x64.ActiveCfg = RelWithDebInfo|x64
		{4295A40A-1D7D-3A99-AB29-0C144CAB27F1}.RelWithDebInfo|x64.Build.0 = RelWithDebInfo|x64
		{4295A40A-1D7D-3A99-AB29-0C144CAB27F1}.RelWithDebInfo|x86.ActiveCfg = RelWithDebInfo|x64
		{DBBFBC55-1C20-4D21-AE3B-6E8B14C4FE48}.Beta|Any CPU.ActiveCfg = Release|x64
		{DBBFBC55-1C20-4D21-AE3B-6E8B14C4FE48}.Beta|x64.ActiveCfg = Beta|x64
		{DBBFBC55-1C20-4D21-AE3B-6E8B14C4FE48}.Beta|x64.Build.0 = Beta|x64
		{DBBFBC55-1C20-4D21-AE3B-6E8B14C4FE48}.Beta|x86.ActiveCfg = Release|x64
		{DBBFBC55-1C20-4D21-AE3B-6E8B14C4FE48}.Debug|Any CPU.ActiveCfg = Beta|x64
		{DBBFBC55-1C20-4D21-AE3B-6E8B14C4FE48}.Debug|Any CPU.Build.0 = Beta|x64
		{DBBFBC55-1C20-4D21-AE3B-6E8B14C4FE48}.Debug|x64.ActiveCfg = Beta|x64
		{DBBFBC55-1C20-4D21-AE3B-6E8B14C4FE48}.Debug|x64.Build.0 = Beta|x64
		{DBBFBC55-1C20-4D21-AE3B-6E8B14C4FE48}.Debug|x86.ActiveCfg = Beta|x64
		{DBBFBC55-1C20-4D21-AE3B-6E8B14C4FE48}.Debug|x86.Build.0 = Beta|x64
		{DBBFBC55-1C20-4D21-AE3B-6E8B14C4FE48}.MinSizeRel|Any CPU.ActiveCfg = Beta|x64
		{DBBFBC55-1C20-4D21-AE3B-6E8B14C4FE48}.MinSizeRel|Any CPU.Build.0 = Beta|x64
		{DBBFBC55-1C20-4D21-AE3B-6E8B14C4FE48}.MinSizeRel|x64.ActiveCfg = Beta|x64
		{DBBFBC55-1C20-4D21-AE3B-6E8B14C4FE48}.MinSizeRel|x64.Build.0 = Beta|x64
		{DBBFBC55-1C20-4D21-AE3B-6E8B14C4FE48}.MinSizeRel|x86.ActiveCfg = Beta|x64
		{DBBFBC55-1C20-4D21-AE3B-6E8B14C4FE48}.MinSizeRel|x86.Build.0 = Beta|x64
		{DBBFBC55-1C20-4D21-AE3B-6E8B14C4FE48}.Release|Any CPU.ActiveCfg = Release|x64
		{DBBFBC55-1C20-4D21-AE3B-6E8B14C4FE48}.Release|x64.ActiveCfg = Release|x64
		{DBBFBC55-1C20-4D21-AE3B-6E8B14C4FE48}.Release|x64.Build.0 = Release|x64
		{DBBFBC55-1C20-4D21-AE3B-6E8B14C4FE48}.Release|x86.ActiveCfg = Release|x64
		{DBBFBC55-1C20-4D21-AE3B-6E8B14C4FE48}.ReleaseCompile|Any CPU.ActiveCfg = Release|x64
		{DBBFBC55-1C20-4D21-AE3B-6E8B14C4FE48}.ReleaseCompile|Any CPU.Build.0 = Release|x64
		{DBBFBC55-1C20-4D21-AE3B-6E8B14C4FE48}.ReleaseCompile|x64.ActiveCfg = Release|x64
		{DBBFBC55-1C20-4D21-AE3B-6E8B14C4FE48}.ReleaseCompile|x64.Build.0 = Release|x64
		{DBBFBC55-1C20-4D21-AE3B-6E8B14C4FE48}.ReleaseCompile|x86.ActiveCfg = Release|x64
		{DBBFBC55-1C20-4D21-AE3B-6E8B14C4FE48}.ReleaseCompile|x86.Build.0 = Release|x64
		{DBBFBC55-1C20-4D21-AE3B-6E8B14C4FE48}.ReleaseLib_win32|Any CPU.ActiveCfg = Release|x64
		{DBBFBC55-1C20-4D21-AE3B-6E8B14C4FE48}.ReleaseLib_win32|Any CPU.Build.0 = Release|x64
		{DBBFBC55-1C20-4D21-AE3B-6E8B14C4FE48}.ReleaseLib_win32|x64.ActiveCfg = Release|x64
		{DBBFBC55-1C20-4D21-AE3B-6E8B14C4FE48}.ReleaseLib_win32|x64.Build.0 = Release|x64
		{DBBFBC55-1C20-4D21-AE3B-6E8B14C4FE48}.ReleaseLib_win32|x86.ActiveCfg = Release|x64
		{DBBFBC55-1C20-4D21-AE3B-6E8B14C4FE48}.ReleaseLib_win32|x86.Build.0 = Release|x64
		{DBBFBC55-1C20-4D21-AE3B-6E8B14C4FE48}.ReleaseLib|Any CPU.ActiveCfg = Release|x64
		{DBBFBC55-1C20-4D21-AE3B-6E8B14C4FE48}.ReleaseLib|Any CPU.Build.0 = Release|x64
		{DBBFBC55-1C20-4D21-AE3B-6E8B14C4FE48}.ReleaseLib|x64.ActiveCfg = Release|x64
		{DBBFBC55-1C20-4D21-AE3B-6E8B14C4FE48}.ReleaseLib|x64.Build.0 = Release|x64
		{DBBFBC55-1C20-4D21-AE3B-6E8B14C4FE48}.ReleaseLib|x86.ActiveCfg = Release|x64
		{DBBFBC55-1C20-4D21-AE3B-6E8B14C4FE48}.ReleaseLib|x86.Build.0 = Release|x64
		{DBBFBC55-1C20-4D21-AE3B-6E8B14C4FE48}.RelWithDebInfo|Any CPU.ActiveCfg = Beta|x64
		{DBBFBC55-1C20-4D21-AE3B-6E8B14C4FE48}.RelWithDebInfo|Any CPU.Build.0 = Beta|x64
		{DBBFBC55-1C20-4D21-AE3B-6E8B14C4FE48}.RelWithDebInfo|x64.ActiveCfg = Release|x64
		{DBBFBC55-1C20-4D21-AE3B-6E8B14C4FE48}.RelWithDebInfo|x64.Build.0 = Release|x64
		{DBBFBC55-1C20-4D21-AE3B-6E8B14C4FE48}.RelWithDebInfo|x86.ActiveCfg = Beta|x64
		{DBBFBC55-1C20-4D21-AE3B-6E8B14C4FE48}.RelWithDebInfo|x86.Build.0 = Beta|x64
		{A5D9AA24-08ED-48B9-BD65-F0A25E96BFC4}.Beta|Any CPU.ActiveCfg = Release|Win32
		{A5D9AA24-08ED-48B9-BD65-F0A25E96BFC4}.Beta|x64.ActiveCfg = Release|x64
		{A5D9AA24-08ED-48B9-BD65-F0A25E96BFC4}.Beta|x64.Build.0 = Release|x64
		{A5D9AA24-08ED-48B9-BD65-F0A25E96BFC4}.Beta|x86.ActiveCfg = Release|Win32
		{A5D9AA24-08ED-48B9-BD65-F0A25E96BFC4}.Beta|x86.Build.0 = Release|Win32
		{A5D9AA24-08ED-48B9-BD65-F0A25E96BFC4}.Debug|Any CPU.ActiveCfg = Debug|Win32
		{A5D9AA24-08ED-48B9-BD65-F0A25E96BFC4}.Debug|x64.ActiveCfg = Debug|x64
		{A5D9AA24-08ED-48B9-BD65-F0A25E96BFC4}.Debug|x64.Build.0 = Debug|x64
		{A5D9AA24-08ED-48B9-BD65-F0A25E96BFC4}.Debug|x86.ActiveCfg = Debug|Win32
		{A5D9AA24-08ED-48B9-BD65-F0A25E96BFC4}.Debug|x86.Build.0 = Debug|Win32
		{A5D9AA24-08ED-48B9-BD65-F0A25E96BFC4}.MinSizeRel|Any CPU.ActiveCfg = Debug-Dynamic|ARM
		{A5D9AA24-08ED-48B9-BD65-F0A25E96BFC4}.MinSizeRel|Any CPU.Build.0 = Debug-Dynamic|ARM
		{A5D9AA24-08ED-48B9-BD65-F0A25E96BFC4}.MinSizeRel|x64.ActiveCfg = Debug-Dynamic|x64
		{A5D9AA24-08ED-48B9-BD65-F0A25E96BFC4}.MinSizeRel|x64.Build.0 = Debug-Dynamic|x64
		{A5D9AA24-08ED-48B9-BD65-F0A25E96BFC4}.MinSizeRel|x86.ActiveCfg = Debug-Dynamic|Win32
		{A5D9AA24-08ED-48B9-BD65-F0A25E96BFC4}.MinSizeRel|x86.Build.0 = Debug-Dynamic|Win32
		{A5D9AA24-08ED-48B9-BD65-F0A25E96BFC4}.Release|Any CPU.ActiveCfg = Release|Win32
		{A5D9AA24-08ED-48B9-BD65-F0A25E96BFC4}.Release|x64.ActiveCfg = Release|x64
		{A5D9AA24-08ED-48B9-BD65-F0A25E96BFC4}.Release|x64.Build.0 = Release|x64
		{A5D9AA24-08ED-48B9-BD65-F0A25E96BFC4}.Release|x86.ActiveCfg = Release|Win32
		{A5D9AA24-08ED-48B9-BD65-F0A25E96BFC4}.Release|x86.Build.0 = Release|Win32
		{A5D9AA24-08ED-48B9-BD65-F0A25E96BFC4}.ReleaseCompile|Any CPU.ActiveCfg = Release|ARM
		{A5D9AA24-08ED-48B9-BD65-F0A25E96BFC4}.ReleaseCompile|Any CPU.Build.0 = Release|ARM
		{A5D9AA24-08ED-48B9-BD65-F0A25E96BFC4}.ReleaseCompile|x64.ActiveCfg = Release|x64
		{A5D9AA24-08ED-48B9-BD65-F0A25E96BFC4}.ReleaseCompile|x64.Build.0 = Release|x64
		{A5D9AA24-08ED-48B9-BD65-F0A25E96BFC4}.ReleaseCompile|x86.ActiveCfg = Release-Static|Win32
		{A5D9AA24-08ED-48B9-BD65-F0A25E96BFC4}.ReleaseCompile|x86.Build.0 = Release-Static|Win32
		{A5D9AA24-08ED-48B9-BD65-F0A25E96BFC4}.ReleaseLib_win32|Any CPU.ActiveCfg = Release|ARM
		{A5D9AA24-08ED-48B9-BD65-F0A25E96BFC4}.ReleaseLib_win32|Any CPU.Build.0 = Release|ARM
		{A5D9AA24-08ED-48B9-BD65-F0A25E96BFC4}.ReleaseLib_win32|x64.ActiveCfg = Release|x64
		{A5D9AA24-08ED-48B9-BD65-F0A25E96BFC4}.ReleaseLib_win32|x64.Build.0 = Release|x64
		{A5D9AA24-08ED-48B9-BD65-F0A25E96BFC4}.ReleaseLib_win32|x86.ActiveCfg = Release-Static|Win32
		{A5D9AA24-08ED-48B9-BD65-F0A25E96BFC4}.ReleaseLib_win32|x86.Build.0 = Release-Static|Win32
		{A5D9AA24-08ED-48B9-BD65-F0A25E96BFC4}.ReleaseLib|Any CPU.ActiveCfg = Release|ARM
		{A5D9AA24-08ED-48B9-BD65-F0A25E96BFC4}.ReleaseLib|Any CPU.Build.0 = Release|ARM
		{A5D9AA24-08ED-48B9-BD65-F0A25E96BFC4}.ReleaseLib|x64.ActiveCfg = Release|x64
		{A5D9AA24-08ED-48B9-BD65-F0A25E96BFC4}.ReleaseLib|x64.Build.0 = Release|x64
		{A5D9AA24-08ED-48B9-BD65-F0A25E96BFC4}.ReleaseLib|x86.ActiveCfg = Release-Static|Win32
		{A5D9AA24-08ED-48B9-BD65-F0A25E96BFC4}.ReleaseLib|x86.Build.0 = Release-Static|Win32
		{A5D9AA24-08ED-48B9-BD65-F0A25E96BFC4}.RelWithDebInfo|Any CPU.ActiveCfg = Debug-Dynamic|ARM
		{A5D9AA24-08ED-48B9-BD65-F0A25E96BFC4}.RelWithDebInfo|Any CPU.Build.0 = Debug-Dynamic|ARM
		{A5D9AA24-08ED-48B9-BD65-F0A25E96BFC4}.RelWithDebInfo|x64.ActiveCfg = Release-Dynamic|x64
		{A5D9AA24-08ED-48B9-BD65-F0A25E96BFC4}.RelWithDebInfo|x64.Build.0 = Release-Dynamic|x64
		{A5D9AA24-08ED-48B9-BD65-F0A25E96BFC4}.RelWithDebInfo|x86.ActiveCfg = Release-Dynamic|Win32
		{A5D9AA24-08ED-48B9-BD65-F0A25E96BFC4}.RelWithDebInfo|x86.Build.0 = Release-Dynamic|Win32
		{7FDE3880-A4AB-49E3-B439-EBEF0A0C7A65}.Beta|Any CPU.ActiveCfg = Release|Win32
		{7FDE3880-A4AB-49E3-B439-EBEF0A0C7A65}.Beta|x64.ActiveCfg = Release|x64
		{7FDE3880-A4AB-49E3-B439-EBEF0A0C7A65}.Beta|x64.Build.0 = Release|x64
		{7FDE3880-A4AB-49E3-B439-EBEF0A0C7A65}.Beta|x86.ActiveCfg = Release|Win32
		{7FDE3880-A4AB-49E3-B439-EBEF0A0C7A65}.Beta|x86.Build.0 = Release|Win32
		{7FDE3880-A4AB-49E3-B439-EBEF0A0C7A65}.Debug|Any CPU.ActiveCfg = Debug|Win32
		{7FDE3880-A4AB-49E3-B439-EBEF0A0C7A65}.Debug|x64.ActiveCfg = Debug|x64
		{7FDE3880-A4AB-49E3-B439-EBEF0A0C7A65}.Debug|x64.Build.0 = Debug|x64
		{7FDE3880-A4AB-49E3-B439-EBEF0A0C7A65}.Debug|x86.ActiveCfg = Debug|Win32
		{7FDE3880-A4AB-49E3-B439-EBEF0A0C7A65}.Debug|x86.Build.0 = Debug|Win32
		{7FDE3880-A4AB-49E3-B439-EBEF0A0C7A65}.MinSizeRel|Any CPU.ActiveCfg = Debug-Dynamic|ARM
		{7FDE3880-A4AB-49E3-B439-EBEF0A0C7A65}.MinSizeRel|Any CPU.Build.0 = Debug-Dynamic|ARM
		{7FDE3880-A4AB-49E3-B439-EBEF0A0C7A65}.MinSizeRel|x64.ActiveCfg = Debug-Dynamic|x64
		{7FDE3880-A4AB-49E3-B439-EBEF0A0C7A65}.MinSizeRel|x64.Build.0 = Debug-Dynamic|x64
		{7FDE3880-A4AB-49E3-B439-EBEF0A0C7A65}.MinSizeRel|x86.ActiveCfg = Debug-Dynamic|Win32
		{7FDE3880-A4AB-49E3-B439-EBEF0A0C7A65}.MinSizeRel|x86.Build.0 = Debug-Dynamic|Win32
		{7FDE3880-A4AB-49E3-B439-EBEF0A0C7A65}.Release|Any CPU.ActiveCfg = Release|Win32
		{7FDE3880-A4AB-49E3-B439-EBEF0A0C7A65}.Release|x64.ActiveCfg = Release|x64
		{7FDE3880-A4AB-49E3-B439-EBEF0A0C7A65}.Release|x64.Build.0 = Release|x64
		{7FDE3880-A4AB-49E3-B439-EBEF0A0C7A65}.Release|x86.ActiveCfg = Release|Win32
		{7FDE3880-A4AB-49E3-B439-EBEF0A0C7A65}.Release|x86.Build.0 = Release|Win32
		{7FDE3880-A4AB-49E3-B439-EBEF0A0C7A65}.ReleaseCompile|Any CPU.ActiveCfg = Release|ARM
		{7FDE3880-A4AB-49E3-B439-EBEF0A0C7A65}.ReleaseCompile|Any CPU.Build.0 = Release|ARM
		{7FDE3880-A4AB-49E3-B439-EBEF0A0C7A65}.ReleaseCompile|x64.ActiveCfg = Release|x64
		{7FDE3880-A4AB-49E3-B439-EBEF0A0C7A65}.ReleaseCompile|x64.Build.0 = Release|x64
		{7FDE3880-A4AB-49E3-B439-EBEF0A0C7A65}.ReleaseCompile|x86.ActiveCfg = Release-Static|Win32
		{7FDE3880-A4AB-49E3-B439-EBEF0A0C7A65}.ReleaseCompile|x86.Build.0 = Release-Static|Win32
		{7FDE3880-A4AB-49E3-B439-EBEF0A0C7A65}.ReleaseLib_win32|Any CPU.ActiveCfg = Release|ARM
		{7FDE3880-A4AB-49E3-B439-EBEF0A0C7A65}.ReleaseLib_win32|Any CPU.Build.0 = Release|ARM
		{7FDE3880-A4AB-49E3-B439-EBEF0A0C7A65}.ReleaseLib_win32|x64.ActiveCfg = Release|x64
		{7FDE3880-A4AB-49E3-B439-EBEF0A0C7A65}.ReleaseLib_win32|x64.Build.0 = Release|x64
		{7FDE3880-A4AB-49E3-B439-EBEF0A0C7A65}.ReleaseLib_win32|x86.ActiveCfg = Release-Static|Win32
		{7FDE3880-A4AB-49E3-B439-EBEF0A0C7A65}.ReleaseLib_win32|x86.Build.0 = Release-Static|Win32
		{7FDE3880-A4AB-49E3-B439-EBEF0A0C7A65}.ReleaseLib|Any CPU.ActiveCfg = Release|ARM
		{7FDE3880-A4AB-49E3-B439-EBEF0A0C7A65}.ReleaseLib|Any CPU.Build.0 = Release|ARM
		{7FDE3880-A4AB-49E3-B439-EBEF0A0C7A65}.ReleaseLib|x64.ActiveCfg = Release|x64
		{7FDE3880-A4AB-49E3-B439-EBEF0A0C7A65}.ReleaseLib|x64.Build.0 = Release|x64
		{7FDE3880-A4AB-49E3-B439-EBEF0A0C7A65}.ReleaseLib|x86.ActiveCfg = Release-Static|Win32
		{7FDE3880-A4AB-49E3-B439-EBEF0A0C7A65}.ReleaseLib|x86.Build.0 = Release-Static|Win32
		{7FDE3880-A4AB-49E3-B439-EBEF0A0C7A65}.RelWithDebInfo|Any CPU.ActiveCfg = Debug-Dynamic|ARM
		{7FDE3880-A4AB-49E3-B439-EBEF0A0C7A65}.RelWithDebInfo|Any CPU.Build.0 = Debug-Dynamic|ARM
		{7FDE3880-A4AB-49E3-B439-EBEF0A0C7A65}.RelWithDebInfo|x64.ActiveCfg = Release-Dynamic|x64
		{7FDE3880-A4AB-49E3-B439-EBEF0A0C7A65}.RelWithDebInfo|x64.Build.0 = Release-Dynamic|x64
		{7FDE3880-A4AB-49E3-B439-EBEF0A0C7A65}.RelWithDebInfo|x86.ActiveCfg = Release-Dynamic|Win32
		{7FDE3880-A4AB-49E3-B439-EBEF0A0C7A65}.RelWithDebInfo|x86.Build.0 = Release-Dynamic|Win32
		{855DC8C0-D3E9-4A2E-AE47-116605A7BC9B}.Beta|Any CPU.ActiveCfg = Release|Win32
		{855DC8C0-D3E9-4A2E-AE47-116605A7BC9B}.Beta|x64.ActiveCfg = Release|x64
		{855DC8C0-D3E9-4A2E-AE47-116605A7BC9B}.Beta|x64.Build.0 = Release|x64
		{855DC8C0-D3E9-4A2E-AE47-116605A7BC9B}.Beta|x86.ActiveCfg = Release|Win32
		{855DC8C0-D3E9-4A2E-AE47-116605A7BC9B}.Beta|x86.Build.0 = Release|Win32
		{855DC8C0-D3E9-4A2E-AE47-116605A7BC9B}.Debug|Any CPU.ActiveCfg = Debug|Win32
		{855DC8C0-D3E9-4A2E-AE47-116605A7BC9B}.Debug|x64.ActiveCfg = Debug|x64
		{855DC8C0-D3E9-4A2E-AE47-116605A7BC9B}.Debug|x64.Build.0 = Debug|x64
		{855DC8C0-D3E9-4A2E-AE47-116605A7BC9B}.Debug|x86.ActiveCfg = Debug|Win32
		{855DC8C0-D3E9-4A2E-AE47-116605A7BC9B}.Debug|x86.Build.0 = Debug|Win32
		{855DC8C0-D3E9-4A2E-AE47-116605A7BC9B}.MinSizeRel|Any CPU.ActiveCfg = Debug-Dynamic|ARM
		{855DC8C0-D3E9-4A2E-AE47-116605A7BC9B}.MinSizeRel|Any CPU.Build.0 = Debug-Dynamic|ARM
		{855DC8C0-D3E9-4A2E-AE47-116605A7BC9B}.MinSizeRel|x64.ActiveCfg = Debug-Dynamic|x64
		{855DC8C0-D3E9-4A2E-AE47-116605A7BC9B}.MinSizeRel|x64.Build.0 = Debug-Dynamic|x64
		{855DC8C0-D3E9-4A2E-AE47-116605A7BC9B}.MinSizeRel|x86.ActiveCfg = Debug-Dynamic|Win32
		{855DC8C0-D3E9-4A2E-AE47-116605A7BC9B}.MinSizeRel|x86.Build.0 = Debug-Dynamic|Win32
		{855DC8C0-D3E9-4A2E-AE47-116605A7BC9B}.Release|Any CPU.ActiveCfg = Release|Win32
		{855DC8C0-D3E9-4A2E-AE47-116605A7BC9B}.Release|x64.ActiveCfg = Release|x64
		{855DC8C0-D3E9-4A2E-AE47-116605A7BC9B}.Release|x64.Build.0 = Release|x64
		{855DC8C0-D3E9-4A2E-AE47-116605A7BC9B}.Release|x86.ActiveCfg = Release|Win32
		{855DC8C0-D3E9-4A2E-AE47-116605A7BC9B}.Release|x86.Build.0 = Release|Win32
		{855DC8C0-D3E9-4A2E-AE47-116605A7BC9B}.ReleaseCompile|Any CPU.ActiveCfg = Release|ARM
		{855DC8C0-D3E9-4A2E-AE47-116605A7BC9B}.ReleaseCompile|Any CPU.Build.0 = Release|ARM
		{855DC8C0-D3E9-4A2E-AE47-116605A7BC9B}.ReleaseCompile|x64.ActiveCfg = Release|x64
		{855DC8C0-D3E9-4A2E-AE47-116605A7BC9B}.ReleaseCompile|x64.Build.0 = Release|x64
		{855DC8C0-D3E9-4A2E-AE47-116605A7BC9B}.ReleaseCompile|x86.ActiveCfg = Release-Static|Win32
		{855DC8C0-D3E9-4A2E-AE47-116605A7BC9B}.ReleaseCompile|x86.Build.0 = Release-Static|Win32
		{855DC8C0-D3E9-4A2E-AE47-116605A7BC9B}.ReleaseLib_win32|Any CPU.ActiveCfg = Release|ARM
		{855DC8C0-D3E9-4A2E-AE47-116605A7BC9B}.ReleaseLib_win32|Any CPU.Build.0 = Release|ARM
		{855DC8C0-D3E9-4A2E-AE47-116605A7BC9B}.ReleaseLib_win32|x64.ActiveCfg = Release|x64
		{855DC8C0-D3E9-4A2E-AE47-116605A7BC9B}.ReleaseLib_win32|x64.Build.0 = Release|x64
		{855DC8C0-D3E9-4A2E-AE47-116605A7BC9B}.ReleaseLib_win32|x86.ActiveCfg = Release-Static|Win32
		{855DC8C0-D3E9-4A2E-AE47-116605A7BC9B}.ReleaseLib_win32|x86.Build.0 = Release-Static|Win32
		{855DC8C0-D3E9-4A2E-AE47-116605A7BC9B}.ReleaseLib|Any CPU.ActiveCfg = Release|ARM
		{855DC8C0-D3E9-4A2E-AE47-116605A7BC9B}.ReleaseLib|Any CPU.Build.0 = Release|ARM
		{855DC8C0-D3E9-4A2E-AE47-116605A7BC9B}.ReleaseLib|x64.ActiveCfg = Release|x64
		{855DC8C0-D3E9-4A2E-AE47-116605A7BC9B}.ReleaseLib|x64.Build.0 = Release|x64
		{855DC8C0-D3E9-4A2E-AE47-116605A7BC9B}.ReleaseLib|x86.ActiveCfg = Release-Static|Win32
		{855DC8C0-D3E9-4A2E-AE47-116605A7BC9B}.ReleaseLib|x86.Build.0 = Release-Static|Win32
		{855DC8C0-D3E9-4A2E-AE47-116605A7BC9B}.RelWithDebInfo|Any CPU.ActiveCfg = Debug-Dynamic|ARM
		{855DC8C0-D3E9-4A2E-AE47-116605A7BC9B}.RelWithDebInfo|Any CPU.Build.0 = Debug-Dynamic|ARM
		{855DC8C0-D3E9-4A2E-AE47-116605A7BC9B}.RelWithDebInfo|x64.ActiveCfg = Release-Dynamic|x64
		{855DC8C0-D3E9-4A2E-AE47-116605A7BC9B}.RelWithDebInfo|x64.Build.0 = Release-Dynamic|x64
		{855DC8C0-D3E9-4A2E-AE47-116605A7BC9B}.RelWithDebInfo|x86.ActiveCfg = Release-Dynamic|Win32
		{855DC8C0-D3E9-4A2E-AE47-116605A7BC9B}.RelWithDebInfo|x86.Build.0 = Release-Dynamic|Win32
		{FE07F272-AE7F-4549-9E9F-EF9B80CB1693}.Beta|Any CPU.ActiveCfg = Release|Win32
		{FE07F272-AE7F-4549-9E9F-EF9B80CB1693}.Beta|x64.ActiveCfg = Release|x64
		{FE07F272-AE7F-4549-9E9F-EF9B80CB1693}.Beta|x64.Build.0 = Release|x64
		{FE07F272-AE7F-4549-9E9F-EF9B80CB1693}.Beta|x86.ActiveCfg = Release|Win32
		{FE07F272-AE7F-4549-9E9F-EF9B80CB1693}.Beta|x86.Build.0 = Release|Win32
		{FE07F272-AE7F-4549-9E9F-EF9B80CB1693}.Debug|Any CPU.ActiveCfg = Debug|Win32
		{FE07F272-AE7F-4549-9E9F-EF9B80CB1693}.Debug|x64.ActiveCfg = Debug|x64
		{FE07F272-AE7F-4549-9E9F-EF9B80CB1693}.Debug|x64.Build.0 = Debug|x64
		{FE07F272-AE7F-4549-9E9F-EF9B80CB1693}.Debug|x86.ActiveCfg = Debug|Win32
		{FE07F272-AE7F-4549-9E9F-EF9B80CB1693}.Debug|x86.Build.0 = Debug|Win32
		{FE07F272-AE7F-4549-9E9F-EF9B80CB1693}.MinSizeRel|Any CPU.ActiveCfg = Debug-Dynamic|ARM
		{FE07F272-AE7F-4549-9E9F-EF9B80CB1693}.MinSizeRel|Any CPU.Build.0 = Debug-Dynamic|ARM
		{FE07F272-AE7F-4549-9E9F-EF9B80CB1693}.MinSizeRel|x64.ActiveCfg = Debug-Dynamic|x64
		{FE07F272-AE7F-4549-9E9F-EF9B80CB1693}.MinSizeRel|x64.Build.0 = Debug-Dynamic|x64
		{FE07F272-AE7F-4549-9E9F-EF9B80CB1693}.MinSizeRel|x86.ActiveCfg = Debug-Dynamic|Win32
		{FE07F272-AE7F-4549-9E9F-EF9B80CB1693}.MinSizeRel|x86.Build.0 = Debug-Dynamic|Win32
		{FE07F272-AE7F-4549-9E9F-EF9B80CB1693}.Release|Any CPU.ActiveCfg = Release|Win32
		{FE07F272-AE7F-4549-9E9F-EF9B80CB1693}.Release|x64.ActiveCfg = Release|x64
		{FE07F272-AE7F-4549-9E9F-EF9B80CB1693}.Release|x64.Build.0 = Release|x64
		{FE07F272-AE7F-4549-9E9F-EF9B80CB1693}.Release|x86.ActiveCfg = Release|Win32
		{FE07F272-AE7F-4549-9E9F-EF9B80CB1693}.Release|x86.Build.0 = Release|Win32
		{FE07F272-AE7F-4549-9E9F-EF9B80CB1693}.ReleaseCompile|Any CPU.ActiveCfg = Release|ARM
		{FE07F272-AE7F-4549-9E9F-EF9B80CB1693}.ReleaseCompile|Any CPU.Build.0 = Release|ARM
		{FE07F272-AE7F-4549-9E9F-EF9B80CB1693}.ReleaseCompile|x64.ActiveCfg = Release|x64
		{FE07F272-AE7F-4549-9E9F-EF9B80CB1693}.ReleaseCompile|x64.Build.0 = Release|x64
		{FE07F272-AE7F-4549-9E9F-EF9B80CB1693}.ReleaseCompile|x86.ActiveCfg = Release-Static|Win32
		{FE07F272-AE7F-4549-9E9F-EF9B80CB1693}.ReleaseCompile|x86.Build.0 = Release-Static|Win32
		{FE07F272-AE7F-4549-9E9F-EF9B80CB1693}.ReleaseLib_win32|Any CPU.ActiveCfg = Release|ARM
		{FE07F272-AE7F-4549-9E9F-EF9B80CB1693}.ReleaseLib_win32|Any CPU.Build.0 = Release|ARM
		{FE07F272-AE7F-4549-9E9F-EF9B80CB1693}.ReleaseLib_win32|x64.ActiveCfg = Release|x64
		{FE07F272-AE7F-4549-9E9F-EF9B80CB1693}.ReleaseLib_win32|x64.Build.0 = Release|x64
		{FE07F272-AE7F-4549-9E9F-EF9B80CB1693}.ReleaseLib_win32|x86.ActiveCfg = Release-Static|Win32
		{FE07F272-AE7F-4549-9E9F-EF9B80CB1693}.ReleaseLib_win32|x86.Build.0 = Release-Static|Win32
		{FE07F272-AE7F-4549-9E9F-EF9B80CB1693}.ReleaseLib|Any CPU.ActiveCfg = Release|ARM
		{FE07F272-AE7F-4549-9E9F-EF9B80CB1693}.ReleaseLib|Any CPU.Build.0 = Release|ARM
		{FE07F272-AE7F-4549-9E9F-EF9B80CB1693}.ReleaseLib|x64.ActiveCfg = Release|x64
		{FE07F272-AE7F-4549-9E9F-EF9B80CB1693}.ReleaseLib|x64.Build.0 = Release|x64
		{FE07F272-AE7F-4549-9E9F-EF9B80CB1693}.ReleaseLib|x86.ActiveCfg = Release-Static|Win32
		{FE07F272-AE7F-4549-9E9F-EF9B80CB1693}.ReleaseLib|x86.Build.0 = Release-Static|Win32
		{FE07F272-AE7F-4549-9E9F-EF9B80CB1693}.RelWithDebInfo|Any CPU.ActiveCfg = Debug-Dynamic|ARM
		{FE07F272-AE7F-4549-9E9F-EF9B80CB1693}.RelWithDebInfo|Any CPU.Build.0 = Debug-Dynamic|ARM
		{FE07F272-AE7F-4549-9E9F-EF9B80CB1693}.RelWithDebInfo|x64.ActiveCfg = Release-Dynamic|x64
		{FE07F272-AE7F-4549-9E9F-EF9B80CB1693}.RelWithDebInfo|x64.Build.0 = Release-Dynamic|x64
		{FE07F272-AE7F-4549-9E9F-EF9B80CB1693}.RelWithDebInfo|x86.ActiveCfg = Release-Dynamic|Win32
		{FE07F272-AE7F-4549-9E9F-EF9B80CB1693}.RelWithDebInfo|x86.Build.0 = Release-Dynamic|Win32
		{DA0E03ED-53A7-4050-8A85-90541C5509F8}.Beta|Any CPU.ActiveCfg = Release|Win32
		{DA0E03ED-53A7-4050-8A85-90541C5509F8}.Beta|x64.ActiveCfg = Release|x64
		{DA0E03ED-53A7-4050-8A85-90541C5509F8}.Beta|x64.Build.0 = Release|x64
		{DA0E03ED-53A7-4050-8A85-90541C5509F8}.Beta|x86.ActiveCfg = Release|Win32
		{DA0E03ED-53A7-4050-8A85-90541C5509F8}.Beta|x86.Build.0 = Release|Win32
		{DA0E03ED-53A7-4050-8A85-90541C5509F8}.Debug|Any CPU.ActiveCfg = Debug|Win32
		{DA0E03ED-53A7-4050-8A85-90541C5509F8}.Debug|x64.ActiveCfg = Debug|x64
		{DA0E03ED-53A7-4050-8A85-90541C5509F8}.Debug|x64.Build.0 = Debug|x64
		{DA0E03ED-53A7-4050-8A85-90541C5509F8}.Debug|x86.ActiveCfg = Debug|Win32
		{DA0E03ED-53A7-4050-8A85-90541C5509F8}.Debug|x86.Build.0 = Debug|Win32
		{DA0E03ED-53A7-4050-8A85-90541C5509F8}.MinSizeRel|Any CPU.ActiveCfg = Debug-Dynamic|ARM
		{DA0E03ED-53A7-4050-8A85-90541C5509F8}.MinSizeRel|Any CPU.Build.0 = Debug-Dynamic|ARM
		{DA0E03ED-53A7-4050-8A85-90541C5509F8}.MinSizeRel|x64.ActiveCfg = Debug-Dynamic|x64
		{DA0E03ED-53A7-4050-8A85-90541C5509F8}.MinSizeRel|x64.Build.0 = Debug-Dynamic|x64
		{DA0E03ED-53A7-4050-8A85-90541C5509F8}.MinSizeRel|x86.ActiveCfg = Debug-Dynamic|Win32
		{DA0E03ED-53A7-4050-8A85-90541C5509F8}.MinSizeRel|x86.Build.0 = Debug-Dynamic|Win32
		{DA0E03ED-53A7-4050-8A85-90541C5509F8}.Release|Any CPU.ActiveCfg = Release|Win32
		{DA0E03ED-53A7-4050-8A85-90541C5509F8}.Release|x64.ActiveCfg = Release|x64
		{DA0E03ED-53A7-4050-8A85-90541C5509F8}.Release|x64.Build.0 = Release|x64
		{DA0E03ED-53A7-4050-8A85-90541C5509F8}.Release|x86.ActiveCfg = Release|Win32
		{DA0E03ED-53A7-4050-8A85-90541C5509F8}.Release|x86.Build.0 = Release|Win32
		{DA0E03ED-53A7-4050-8A85-90541C5509F8}.ReleaseCompile|Any CPU.ActiveCfg = Release|ARM
		{DA0E03ED-53A7-4050-8A85-90541C5509F8}.ReleaseCompile|Any CPU.Build.0 = Release|ARM
		{DA0E03ED-53A7-4050-8A85-90541C5509F8}.ReleaseCompile|x64.ActiveCfg = Release|x64
		{DA0E03ED-53A7-4050-8A85-90541C5509F8}.ReleaseCompile|x64.Build.0 = Release|x64
		{DA0E03ED-53A7-4050-8A85-90541C5509F8}.ReleaseCompile|x86.ActiveCfg = Release-Static|Win32
		{DA0E03ED-53A7-4050-8A85-90541C5509F8}.ReleaseCompile|x86.Build.0 = Release-Static|Win32
		{DA0E03ED-53A7-4050-8A85-90541C5509F8}.ReleaseLib_win32|Any CPU.ActiveCfg = Release|ARM
		{DA0E03ED-53A7-4050-8A85-90541C5509F8}.ReleaseLib_win32|Any CPU.Build.0 = Release|ARM
		{DA0E03ED-53A7-4050-8A85-90541C5509F8}.ReleaseLib_win32|x64.ActiveCfg = Release|x64
		{DA0E03ED-53A7-4050-8A85-90541C5509F8}.ReleaseLib_win32|x64.Build.0 = Release|x64
		{DA0E03ED-53A7-4050-8A85-90541C5509F8}.ReleaseLib_win32|x86.ActiveCfg = Release-Static|Win32
		{DA0E03ED-53A7-4050-8A85-90541C5509F8}.ReleaseLib_win32|x86.Build.0 = Release-Static|Win32
		{DA0E03ED-53A7-4050-8A85-90541C5509F8}.ReleaseLib|Any CPU.ActiveCfg = Release|ARM
		{DA0E03ED-53A7-4050-8A85-90541C5509F8}.ReleaseLib|Any CPU.Build.0 = Release|ARM
		{DA0E03ED-53A7-4050-8A85-90541C5509F8}.ReleaseLib|x64.ActiveCfg = Release|x64
		{DA0E03ED-53A7-4050-8A85-90541C5509F8}.ReleaseLib|x64.Build.0 = Release|x64
		{DA0E03ED-53A7-4050-8A85-90541C5509F8}.ReleaseLib|x86.ActiveCfg = Release-Static|Win32
		{DA0E03ED-53A7-4050-8A85-90541C5509F8}.ReleaseLib|x86.Build.0 = Release-Static|Win32
		{DA0E03ED-53A7-4050-8A85-90541C5509F8}.RelWithDebInfo|Any CPU.ActiveCfg = Debug-Dynamic|ARM
		{DA0E03ED-53A7-4050-8A85-90541C5509F8}.RelWithDebInfo|Any CPU.Build.0 = Debug-Dynamic|ARM
		{DA0E03ED-53A7-4050-8A85-90541C5509F8}.RelWithDebInfo|x64.ActiveCfg = Release-Dynamic|x64
		{DA0E03ED-53A7-4050-8A85-90541C5509F8}.RelWithDebInfo|x64.Build.0 = Release-Dynamic|x64
		{DA0E03ED-53A7-4050-8A85-90541C5509F8}.RelWithDebInfo|x86.ActiveCfg = Release-Dynamic|Win32
		{DA0E03ED-53A7-4050-8A85-90541C5509F8}.RelWithDebInfo|x86.Build.0 = Release-Dynamic|Win32
		{2BB84911-C1B4-4747-B93D-36AA82CC5031}.Beta|Any CPU.ActiveCfg = Release|Win32
		{2BB84911-C1B4-4747-B93D-36AA82CC5031}.Beta|x64.ActiveCfg = Release|x64
		{2BB84911-C1B4-4747-B93D-36AA82CC5031}.Beta|x64.Build.0 = Release|x64
		{2BB84911-C1B4-4747-B93D-36AA82CC5031}.Beta|x86.ActiveCfg = Release|Win32
		{2BB84911-C1B4-4747-B93D-36AA82CC5031}.Beta|x86.Build.0 = Release|Win32
		{2BB84911-C1B4-4747-B93D-36AA82CC5031}.Debug|Any CPU.ActiveCfg = Debug|Win32
		{2BB84911-C1B4-4747-B93D-36AA82CC5031}.Debug|x64.ActiveCfg = Debug|x64
		{2BB84911-C1B4-4747-B93D-36AA82CC5031}.Debug|x64.Build.0 = Debug|x64
		{2BB84911-C1B4-4747-B93D-36AA82CC5031}.Debug|x86.ActiveCfg = Debug|Win32
		{2BB84911-C1B4-4747-B93D-36AA82CC5031}.Debug|x86.Build.0 = Debug|Win32
		{2BB84911-C1B4-4747-B93D-36AA82CC5031}.MinSizeRel|Any CPU.ActiveCfg = Debug-Dynamic|ARM
		{2BB84911-C1B4-4747-B93D-36AA82CC5031}.MinSizeRel|Any CPU.Build.0 = Debug-Dynamic|ARM
		{2BB84911-C1B4-4747-B93D-36AA82CC5031}.MinSizeRel|x64.ActiveCfg = Debug-Dynamic|x64
		{2BB84911-C1B4-4747-B93D-36AA82CC5031}.MinSizeRel|x64.Build.0 = Debug-Dynamic|x64
		{2BB84911-C1B4-4747-B93D-36AA82CC5031}.MinSizeRel|x86.ActiveCfg = Debug-Dynamic|Win32
		{2BB84911-C1B4-4747-B93D-36AA82CC5031}.MinSizeRel|x86.Build.0 = Debug-Dynamic|Win32
		{2BB84911-C1B4-4747-B93D-36AA82CC5031}.Release|Any CPU.ActiveCfg = Release|Win32
		{2BB84911-C1B4-4747-B93D-36AA82CC5031}.Release|x64.ActiveCfg = Release|x64
		{2BB84911-C1B4-4747-B93D-36AA82CC5031}.Release|x64.Build.0 = Release|x64
		{2BB84911-C1B4-4747-B93D-36AA82CC5031}.Release|x86.ActiveCfg = Release|Win32
		{2BB84911-C1B4-4747-B93D-36AA82CC5031}.Release|x86.Build.0 = Release|Win32
		{2BB84911-C1B4-4747-B93D-36AA82CC5031}.ReleaseCompile|Any CPU.ActiveCfg = Release|ARM
		{2BB84911-C1B4-4747-B93D-36AA82CC5031}.ReleaseCompile|Any CPU.Build.0 = Release|ARM
		{2BB84911-C1B4-4747-B93D-36AA82CC5031}.ReleaseCompile|x64.ActiveCfg = Release|x64
		{2BB84911-C1B4-4747-B93D-36AA82CC5031}.ReleaseCompile|x64.Build.0 = Release|x64
		{2BB84911-C1B4-4747-B93D-36AA82CC5031}.ReleaseCompile|x86.ActiveCfg = Release-Static|Win32
		{2BB84911-C1B4-4747-B93D-36AA82CC5031}.ReleaseCompile|x86.Build.0 = Release-Static|Win32
		{2BB84911-C1B4-4747-B93D-36AA82CC5031}.ReleaseLib_win32|Any CPU.ActiveCfg = Release|ARM
		{2BB84911-C1B4-4747-B93D-36AA82CC5031}.ReleaseLib_win32|Any CPU.Build.0 = Release|ARM
		{2BB84911-C1B4-4747-B93D-36AA82CC5031}.ReleaseLib_win32|x64.ActiveCfg = Release|x64
		{2BB84911-C1B4-4747-B93D-36AA82CC5031}.ReleaseLib_win32|x64.Build.0 = Release|x64
		{2BB84911-C1B4-4747-B93D-36AA82CC5031}.ReleaseLib_win32|x86.ActiveCfg = Release-Static|Win32
		{2BB84911-C1B4-4747-B93D-36AA82CC5031}.ReleaseLib_win32|x86.Build.0 = Release-Static|Win32
		{2BB84911-C1B4-4747-B93D-36AA82CC5031}.ReleaseLib|Any CPU.ActiveCfg = Release|ARM
		{2BB84911-C1B4-4747-B93D-36AA82CC5031}.ReleaseLib|Any CPU.Build.0 = Release|ARM
		{2BB84911-C1B4-4747-B93D-36AA82CC5031}.ReleaseLib|x64.ActiveCfg = Release|x64
		{2BB84911-C1B4-4747-B93D-36AA82CC5031}.ReleaseLib|x64.Build.0 = Release|x64
		{2BB84911-C1B4-4747-B93D-36AA82CC5031}.ReleaseLib|x86.ActiveCfg = Release-Static|Win32
		{2BB84911-C1B4-4747-B93D-36AA82CC5031}.ReleaseLib|x86.Build.0 = Release-Static|Win32
		{2BB84911-C1B4-4747-B93D-36AA82CC5031}.RelWithDebInfo|Any CPU.ActiveCfg = Debug-Dynamic|ARM
		{2BB84911-C1B4-4747-B93D-36AA82CC5031}.RelWithDebInfo|Any CPU.Build.0 = Debug-Dynamic|ARM
		{2BB84911-C1B4-4747-B93D-36AA82CC5031}.RelWithDebInfo|x64.ActiveCfg = Release-Dynamic|x64
		{2BB84911-C1B4-4747-B93D-36AA82CC5031}.RelWithDebInfo|x64.Build.0 = Release-Dynamic|x64
		{2BB84911-C1B4-4747-B93D-36AA82CC5031}.RelWithDebInfo|x86.ActiveCfg = Release-Dynamic|Win32
		{2BB84911-C1B4-4747-B93D-36AA82CC5031}.RelWithDebInfo|x86.Build.0 = Release-Dynamic|Win32
		{B82CDD25-6903-430E-BD38-D8129A2015C1}.Beta|Any CPU.ActiveCfg = Release|Win32
		{B82CDD25-6903-430E-BD38-D8129A2015C1}.Beta|x64.ActiveCfg = Release|x64
		{B82CDD25-6903-430E-BD38-D8129A2015C1}.Beta|x64.Build.0 = Release|x64
		{B82CDD25-6903-430E-BD38-D8129A2015C1}.Beta|x86.ActiveCfg = Release|Win32
		{B82CDD25-6903-430E-BD38-D8129A2015C1}.Beta|x86.Build.0 = Release|Win32
		{B82CDD25-6903-430E-BD38-D8129A2015C1}.Debug|Any CPU.ActiveCfg = Debug|Win32
		{B82CDD25-6903-430E-BD38-D8129A2015C1}.Debug|x64.ActiveCfg = Debug|x64
		{B82CDD25-6903-430E-BD38-D8129A2015C1}.Debug|x64.Build.0 = Debug|x64
		{B82CDD25-6903-430E-BD38-D8129A2015C1}.Debug|x86.ActiveCfg = Debug|Win32
		{B82CDD25-6903-430E-BD38-D8129A2015C1}.Debug|x86.Build.0 = Debug|Win32
		{B82CDD25-6903-430E-BD38-D8129A2015C1}.MinSizeRel|Any CPU.ActiveCfg = Debug-Dynamic|ARM
		{B82CDD25-6903-430E-BD38-D8129A2015C1}.MinSizeRel|Any CPU.Build.0 = Debug-Dynamic|ARM
		{B82CDD25-6903-430E-BD38-D8129A2015C1}.MinSizeRel|x64.ActiveCfg = Debug-Dynamic|x64
		{B82CDD25-6903-430E-BD38-D8129A2015C1}.MinSizeRel|x64.Build.0 = Debug-Dynamic|x64
		{B82CDD25-6903-430E-BD38-D8129A2015C1}.MinSizeRel|x86.ActiveCfg = Debug-Dynamic|Win32
		{B82CDD25-6903-430E-BD38-D8129A2015C1}.MinSizeRel|x86.Build.0 = Debug-Dynamic|Win32
		{B82CDD25-6903-430E-BD38-D8129A2015C1}.Release|Any CPU.ActiveCfg = Release|Win32
		{B82CDD25-6903-430E-BD38-D8129A2015C1}.Release|x64.ActiveCfg = Release|x64
		{B82CDD25-6903-430E-BD38-D8129A2015C1}.Release|x64.Build.0 = Release|x64
		{B82CDD25-6903-430E-BD38-D8129A2015C1}.Release|x86.ActiveCfg = Release|Win32
		{B82CDD25-6903-430E-BD38-D8129A2015C1}.Release|x86.Build.0 = Release|Win32
		{B82CDD25-6903-430E-BD38-D8129A2015C1}.ReleaseCompile|Any CPU.ActiveCfg = Release|ARM
		{B82CDD25-6903-430E-BD38-D8129A2015C1}.ReleaseCompile|Any CPU.Build.0 = Release|ARM
		{B82CDD25-6903-430E-BD38-D8129A2015C1}.ReleaseCompile|x64.ActiveCfg = Release|x64
		{B82CDD25-6903-430E-BD38-D8129A2015C1}.ReleaseCompile|x64.Build.0 = Release|x64
		{B82CDD25-6903-430E-BD38-D8129A2015C1}.ReleaseCompile|x86.ActiveCfg = Release-Static|Win32
		{B82CDD25-6903-430E-BD38-D8129A2015C1}.ReleaseCompile|x86.Build.0 = Release-Static|Win32
		{B82CDD25-6903-430E-BD38-D8129A2015C1}.ReleaseLib_win32|Any CPU.ActiveCfg = Release|ARM
		{B82CDD25-6903-430E-BD38-D8129A2015C1}.ReleaseLib_win32|Any CPU.Build.0 = Release|ARM
		{B82CDD25-6903-430E-BD38-D8129A2015C1}.ReleaseLib_win32|x64.ActiveCfg = Release|x64
		{B82CDD25-6903-430E-BD38-D8129A2015C1}.ReleaseLib_win32|x64.Build.0 = Release|x64
		{B82CDD25-6903-430E-BD38-D8129A2015C1}.ReleaseLib_win32|x86.ActiveCfg = Release-Static|Win32
		{B82CDD25-6903-430E-BD38-D8129A2015C1}.ReleaseLib_win32|x86.Build.0 = Release-Static|Win32
		{B82CDD25-6903-430E-BD38-D8129A2015C1}.ReleaseLib|Any CPU.ActiveCfg = Release|ARM
		{B82CDD25-6903-430E-BD38-D8129A2015C1}.ReleaseLib|Any CPU.Build.0 = Release|ARM
		{B82CDD25-6903-430E-BD38-D8129A2015C1}.ReleaseLib|x64.ActiveCfg = Release|x64
		{B82CDD25-6903-430E-BD38-D8129A2015C1}.ReleaseLib|x64.Build.0 = Release|x64
		{B82CDD25-6903-430E-BD38-D8129A2015C1}.ReleaseLib|x86.ActiveCfg = Release-Static|Win32
		{B82CDD25-6903-430E-BD38-D8129A2015C1}.ReleaseLib|x86.Build.0 = Release-Static|Win32
		{B82CDD25-6903-430E-BD38-D8129A2015C1}.RelWithDebInfo|Any CPU.ActiveCfg = Debug-Dynamic|ARM
		{B82CDD25-6903-430E-BD38-D8129A2015C1}.RelWithDebInfo|Any CPU.Build.0 = Debug-Dynamic|ARM
		{B82CDD25-6903-430E-BD38-D8129A2015C1}.RelWithDebInfo|x64.ActiveCfg = Release-Dynamic|x64
		{B82CDD25-6903-430E-BD38-D8129A2015C1}.RelWithDebInfo|x64.Build.0 = Release-Dynamic|x64
		{B82CDD25-6903-430E-BD38-D8129A2015C1}.RelWithDebInfo|x86.ActiveCfg = Release-Dynamic|Win32
		{B82CDD25-6903-430E-BD38-D8129A2015C1}.RelWithDebInfo|x86.Build.0 = Release-Dynamic|Win32
		{9CA0FDFB-2172-41FC-B7F1-5CE915EDCB37}.Beta|Any CPU.ActiveCfg = Release|Win32
		{9CA0FDFB-2172-41FC-B7F1-5CE915EDCB37}.Beta|x64.ActiveCfg = Release|x64
		{9CA0FDFB-2172-41FC-B7F1-5CE915EDCB37}.Beta|x64.Build.0 = Release|x64
		{9CA0FDFB-2172-41FC-B7F1-5CE915EDCB37}.Beta|x86.ActiveCfg = Release|Win32
		{9CA0FDFB-2172-41FC-B7F1-5CE915EDCB37}.Beta|x86.Build.0 = Release|Win32
		{9CA0FDFB-2172-41FC-B7F1-5CE915EDCB37}.Debug|Any CPU.ActiveCfg = Debug|Win32
		{9CA0FDFB-2172-41FC-B7F1-5CE915EDCB37}.Debug|x64.ActiveCfg = Debug|x64
		{9CA0FDFB-2172-41FC-B7F1-5CE915EDCB37}.Debug|x64.Build.0 = Debug|x64
		{9CA0FDFB-2172-41FC-B7F1-5CE915EDCB37}.Debug|x86.ActiveCfg = Debug|Win32
		{9CA0FDFB-2172-41FC-B7F1-5CE915EDCB37}.Debug|x86.Build.0 = Debug|Win32
		{9CA0FDFB-2172-41FC-B7F1-5CE915EDCB37}.MinSizeRel|Any CPU.ActiveCfg = Debug-Dynamic|ARM
		{9CA0FDFB-2172-41FC-B7F1-5CE915EDCB37}.MinSizeRel|Any CPU.Build.0 = Debug-Dynamic|ARM
		{9CA0FDFB-2172-41FC-B7F1-5CE915EDCB37}.MinSizeRel|x64.ActiveCfg = Debug-Dynamic|x64
		{9CA0FDFB-2172-41FC-B7F1-5CE915EDCB37}.MinSizeRel|x64.Build.0 = Debug-Dynamic|x64
		{9CA0FDFB-2172-41FC-B7F1-5CE915EDCB37}.MinSizeRel|x86.ActiveCfg = Debug-Dynamic|Win32
		{9CA0FDFB-2172-41FC-B7F1-5CE915EDCB37}.MinSizeRel|x86.Build.0 = Debug-Dynamic|Win32
		{9CA0FDFB-2172-41FC-B7F1-5CE915EDCB37}.Release|Any CPU.ActiveCfg = Release|Win32
		{9CA0FDFB-2172-41FC-B7F1-5CE915EDCB37}.Release|x64.ActiveCfg = Release|x64
		{9CA0FDFB-2172-41FC-B7F1-5CE915EDCB37}.Release|x64.Build.0 = Release|x64
		{9CA0FDFB-2172-41FC-B7F1-5CE915EDCB37}.Release|x86.ActiveCfg = Release|Win32
		{9CA0FDFB-2172-41FC-B7F1-5CE915EDCB37}.Release|x86.Build.0 = Release|Win32
		{9CA0FDFB-2172-41FC-B7F1-5CE915EDCB37}.ReleaseCompile|Any CPU.ActiveCfg = Release|ARM
		{9CA0FDFB-2172-41FC-B7F1-5CE915EDCB37}.ReleaseCompile|Any CPU.Build.0 = Release|ARM
		{9CA0FDFB-2172-41FC-B7F1-5CE915EDCB37}.ReleaseCompile|x64.ActiveCfg = Release|x64
		{9CA0FDFB-2172-41FC-B7F1-5CE915EDCB37}.ReleaseCompile|x64.Build.0 = Release|x64
		{9CA0FDFB-2172-41FC-B7F1-5CE915EDCB37}.ReleaseCompile|x86.ActiveCfg = Release-Static|Win32
		{9CA0FDFB-2172-41FC-B7F1-5CE915EDCB37}.ReleaseCompile|x86.Build.0 = Release-Static|Win32
		{9CA0FDFB-2172-41FC-B7F1-5CE915EDCB37}.ReleaseLib_win32|Any CPU.ActiveCfg = Release|ARM
		{9CA0FDFB-2172-41FC-B7F1-5CE915EDCB37}.ReleaseLib_win32|Any CPU.Build.0 = Release|ARM
		{9CA0FDFB-2172-41FC-B7F1-5CE915EDCB37}.ReleaseLib_win32|x64.ActiveCfg = Release|x64
		{9CA0FDFB-2172-41FC-B7F1-5CE915EDCB37}.ReleaseLib_win32|x64.Build.0 = Release|x64
		{9CA0FDFB-2172-41FC-B7F1-5CE915EDCB37}.ReleaseLib_win32|x86.ActiveCfg = Release-Static|Win32
		{9CA0FDFB-2172-41FC-B7F1-5CE915EDCB37}.ReleaseLib_win32|x86.Build.0 = Release-Static|Win32
		{9CA0FDFB-2172-41FC-B7F1-5CE915EDCB37}.ReleaseLib|Any CPU.ActiveCfg = Release|ARM
		{9CA0FDFB-2172-41FC-B7F1-5CE915EDCB37}.ReleaseLib|Any CPU.Build.0 = Release|ARM
		{9CA0FDFB-2172-41FC-B7F1-5CE915EDCB37}.ReleaseLib|x64.ActiveCfg = Release|x64
		{9CA0FDFB-2172-41FC-B7F1-5CE915EDCB37}.ReleaseLib|x64.Build.0 = Release|x64
		{9CA0FDFB-2172-41FC-B7F1-5CE915EDCB37}.ReleaseLib|x86.ActiveCfg = Release-Static|Win32
		{9CA0FDFB-2172-41FC-B7F1-5CE915EDCB37}.ReleaseLib|x86.Build.0 = Release-Static|Win32
		{9CA0FDFB-2172-41FC-B7F1-5CE915EDCB37}.RelWithDebInfo|Any CPU.ActiveCfg = Debug-Dynamic|ARM
		{9CA0FDFB-2172-41FC-B7F1-5CE915EDCB37}.RelWithDebInfo|Any CPU.Build.0 = Debug-Dynamic|ARM
		{9CA0FDFB-2172-41FC-B7F1-5CE915EDCB37}.RelWithDebInfo|x64.ActiveCfg = Release-Dynamic|x64
		{9CA0FDFB-2172-41FC-B7F1-5CE915EDCB37}.RelWithDebInfo|x64.Build.0 = Release-Dynamic|x64
		{9CA0FDFB-2172-41FC-B7F1-5CE915EDCB37}.RelWithDebInfo|x86.ActiveCfg = Release-Dynamic|Win32
		{9CA0FDFB-2172-41FC-B7F1-5CE915EDCB37}.RelWithDebInfo|x86.Build.0 = Release-Dynamic|Win32
		{4B5945CD-0CB3-49AA-A7FF-7612D93F82C0}.Beta|Any CPU.ActiveCfg = Release|Win32
		{4B5945CD-0CB3-49AA-A7FF-7612D93F82C0}.Beta|x64.ActiveCfg = Release|x64
		{4B5945CD-0CB3-49AA-A7FF-7612D93F82C0}.Beta|x64.Build.0 = Release|x64
		{4B5945CD-0CB3-49AA-A7FF-7612D93F82C0}.Beta|x86.ActiveCfg = Release|Win32
		{4B5945CD-0CB3-49AA-A7FF-7612D93F82C0}.Beta|x86.Build.0 = Release|Win32
		{4B5945CD-0CB3-49AA-A7FF-7612D93F82C0}.Debug|Any CPU.ActiveCfg = Debug|Win32
		{4B5945CD-0CB3-49AA-A7FF-7612D93F82C0}.Debug|x64.ActiveCfg = Debug|x64
		{4B5945CD-0CB3-49AA-A7FF-7612D93F82C0}.Debug|x64.Build.0 = Debug|x64
		{4B5945CD-0CB3-49AA-A7FF-7612D93F82C0}.Debug|x86.ActiveCfg = Debug|Win32
		{4B5945CD-0CB3-49AA-A7FF-7612D93F82C0}.Debug|x86.Build.0 = Debug|Win32
		{4B5945CD-0CB3-49AA-A7FF-7612D93F82C0}.MinSizeRel|Any CPU.ActiveCfg = Debug-Dynamic|ARM
		{4B5945CD-0CB3-49AA-A7FF-7612D93F82C0}.MinSizeRel|Any CPU.Build.0 = Debug-Dynamic|ARM
		{4B5945CD-0CB3-49AA-A7FF-7612D93F82C0}.MinSizeRel|x64.ActiveCfg = Debug-Dynamic|x64
		{4B5945CD-0CB3-49AA-A7FF-7612D93F82C0}.MinSizeRel|x64.Build.0 = Debug-Dynamic|x64
		{4B5945CD-0CB3-49AA-A7FF-7612D93F82C0}.MinSizeRel|x86.ActiveCfg = Debug-Dynamic|Win32
		{4B5945CD-0CB3-49AA-A7FF-7612D93F82C0}.MinSizeRel|x86.Build.0 = Debug-Dynamic|Win32
		{4B5945CD-0CB3-49AA-A7FF-7612D93F82C0}.Release|Any CPU.ActiveCfg = Release|Win32
		{4B5945CD-0CB3-49AA-A7FF-7612D93F82C0}.Release|x64.ActiveCfg = Release|x64
		{4B5945CD-0CB3-49AA-A7FF-7612D93F82C0}.Release|x64.Build.0 = Release|x64
		{4B5945CD-0CB3-49AA-A7FF-7612D93F82C0}.Release|x86.ActiveCfg = Release|Win32
		{4B5945CD-0CB3-49AA-A7FF-7612D93F82C0}.Release|x86.Build.0 = Release|Win32
		{4B5945CD-0CB3-49AA-A7FF-7612D93F82C0}.ReleaseCompile|Any CPU.ActiveCfg = Release|ARM
		{4B5945CD-0CB3-49AA-A7FF-7612D93F82C0}.ReleaseCompile|Any CPU.Build.0 = Release|ARM
		{4B5945CD-0CB3-49AA-A7FF-7612D93F82C0}.ReleaseCompile|x64.ActiveCfg = Release|x64
		{4B5945CD-0CB3-49AA-A7FF-7612D93F82C0}.ReleaseCompile|x64.Build.0 = Release|x64
		{4B5945CD-0CB3-49AA-A7FF-7612D93F82C0}.ReleaseCompile|x86.ActiveCfg = Release-Static|Win32
		{4B5945CD-0CB3-49AA-A7FF-7612D93F82C0}.ReleaseCompile|x86.Build.0 = Release-Static|Win32
		{4B5945CD-0CB3-49AA-A7FF-7612D93F82C0}.ReleaseLib_win32|Any CPU.ActiveCfg = Release|ARM
		{4B5945CD-0CB3-49AA-A7FF-7612D93F82C0}.ReleaseLib_win32|Any CPU.Build.0 = Release|ARM
		{4B5945CD-0CB3-49AA-A7FF-7612D93F82C0}.ReleaseLib_win32|x64.ActiveCfg = Release|x64
		{4B5945CD-0CB3-49AA-A7FF-7612D93F82C0}.ReleaseLib_win32|x64.Build.0 = Release|x64
		{4B5945CD-0CB3-49AA-A7FF-7612D93F82C0}.ReleaseLib_win32|x86.ActiveCfg = Release-Static|Win32
		{4B5945CD-0CB3-49AA-A7FF-7612D93F82C0}.ReleaseLib_win32|x86.Build.0 = Release-Static|Win32
		{4B5945CD-0CB3-49AA-A7FF-7612D93F82C0}.ReleaseLib|Any CPU.ActiveCfg = Release|ARM
		{4B5945CD-0CB3-49AA-A7FF-7612D93F82C0}.ReleaseLib|Any CPU.Build.0 = Release|ARM
		{4B5945CD-0CB3-49AA-A7FF-7612D93F82C0}.ReleaseLib|x64.ActiveCfg = Release|x64
		{4B5945CD-0CB3-49AA-A7FF-7612D93F82C0}.ReleaseLib|x64.Build.0 = Release|x64
		{4B5945CD-0CB3-49AA-A7FF-7612D93F82C0}.ReleaseLib|x86.ActiveCfg = Release-Static|Win32
		{4B5945CD-0CB3-49AA-A7FF-7612D93F82C0}.ReleaseLib|x86.Build.0 = Release-Static|Win32
		{4B5945CD-0CB3-49AA-A7FF-7612D93F82C0}.RelWithDebInfo|Any CPU.ActiveCfg = Debug-Dynamic|ARM
		{4B5945CD-0CB3-49AA-A7FF-7612D93F82C0}.RelWithDebInfo|Any CPU.Build.0 = Debug-Dynamic|ARM
		{4B5945CD-0CB3-49AA-A7FF-7612D93F82C0}.RelWithDebInfo|x64.ActiveCfg = Release-Dynamic|x64
		{4B5945CD-0CB3-49AA-A7FF-7612D93F82C0}.RelWithDebInfo|x64.Build.0 = Release-Dynamic|x64
		{4B5945CD-0CB3-49AA-A7FF-7612D93F82C0}.RelWithDebInfo|x86.ActiveCfg = Release-Dynamic|Win32
		{4B5945CD-0CB3-49AA-A7FF-7612D93F82C0}.RelWithDebInfo|x86.Build.0 = Release-Dynamic|Win32
		{B8719FD5-E8A6-4A36-943C-891D07F5DD21}.Beta|Any CPU.ActiveCfg = Release|Win32
		{B8719FD5-E8A6-4A36-943C-891D07F5DD21}.Beta|x64.ActiveCfg = Release|x64
		{B8719FD5-E8A6-4A36-943C-891D07F5DD21}.Beta|x64.Build.0 = Release|x64
		{B8719FD5-E8A6-4A36-943C-891D07F5DD21}.Beta|x86.ActiveCfg = Release|Win32
		{B8719FD5-E8A6-4A36-943C-891D07F5DD21}.Beta|x86.Build.0 = Release|Win32
		{B8719FD5-E8A6-4A36-943C-891D07F5DD21}.Debug|Any CPU.ActiveCfg = Debug|Win32
		{B8719FD5-E8A6-4A36-943C-891D07F5DD21}.Debug|x64.ActiveCfg = Debug|x64
		{B8719FD5-E8A6-4A36-943C-891D07F5DD21}.Debug|x64.Build.0 = Debug|x64
		{B8719FD5-E8A6-4A36-943C-891D07F5DD21}.Debug|x86.ActiveCfg = Debug|Win32
		{B8719FD5-E8A6-4A36-943C-891D07F5DD21}.Debug|x86.Build.0 = Debug|Win32
		{B8719FD5-E8A6-4A36-943C-891D07F5DD21}.MinSizeRel|Any CPU.ActiveCfg = Debug-Dynamic|ARM
		{B8719FD5-E8A6-4A36-943C-891D07F5DD21}.MinSizeRel|Any CPU.Build.0 = Debug-Dynamic|ARM
		{B8719FD5-E8A6-4A36-943C-891D07F5DD21}.MinSizeRel|x64.ActiveCfg = Debug-Dynamic|x64
		{B8719FD5-E8A6-4A36-943C-891D07F5DD21}.MinSizeRel|x64.Build.0 = Debug-Dynamic|x64
		{B8719FD5-E8A6-4A36-943C-891D07F5DD21}.MinSizeRel|x86.ActiveCfg = Debug-Dynamic|Win32
		{B8719FD5-E8A6-4A36-943C-891D07F5DD21}.MinSizeRel|x86.Build.0 = Debug-Dynamic|Win32
		{B8719FD5-E8A6-4A36-943C-891D07F5DD21}.Release|Any CPU.ActiveCfg = Release|Win32
		{B8719FD5-E8A6-4A36-943C-891D07F5DD21}.Release|x64.ActiveCfg = Release|x64
		{B8719FD5-E8A6-4A36-943C-891D07F5DD21}.Release|x64.Build.0 = Release|x64
		{B8719FD5-E8A6-4A36-943C-891D07F5DD21}.Release|x86.ActiveCfg = Release|Win32
		{B8719FD5-E8A6-4A36-943C-891D07F5DD21}.Release|x86.Build.0 = Release|Win32
		{B8719FD5-E8A6-4A36-943C-891D07F5DD21}.ReleaseCompile|Any CPU.ActiveCfg = Release|ARM
		{B8719FD5-E8A6-4A36-943C-891D07F5DD21}.ReleaseCompile|Any CPU.Build.0 = Release|ARM
		{B8719FD5-E8A6-4A36-943C-891D07F5DD21}.ReleaseCompile|x64.ActiveCfg = Release|x64
		{B8719FD5-E8A6-4A36-943C-891D07F5DD21}.ReleaseCompile|x64.Build.0 = Release|x64
		{B8719FD5-E8A6-4A36-943C-891D07F5DD21}.ReleaseCompile|x86.ActiveCfg = Release-Static|Win32
		{B8719FD5-E8A6-4A36-943C-891D07F5DD21}.ReleaseCompile|x86.Build.0 = Release-Static|Win32
		{B8719FD5-E8A6-4A36-943C-891D07F5DD21}.ReleaseLib_win32|Any CPU.ActiveCfg = Release|ARM
		{B8719FD5-E8A6-4A36-943C-891D07F5DD21}.ReleaseLib_win32|Any CPU.Build.0 = Release|ARM
		{B8719FD5-E8A6-4A36-943C-891D07F5DD21}.ReleaseLib_win32|x64.ActiveCfg = Release|x64
		{B8719FD5-E8A6-4A36-943C-891D07F5DD21}.ReleaseLib_win32|x64.Build.0 = Release|x64
		{B8719FD5-E8A6-4A36-943C-891D07F5DD21}.ReleaseLib_win32|x86.ActiveCfg = Release-Static|Win32
		{B8719FD5-E8A6-4A36-943C-891D07F5DD21}.ReleaseLib_win32|x86.Build.0 = Release-Static|Win32
		{B8719FD5-E8A6-4A36-943C-891D07F5DD21}.ReleaseLib|Any CPU.ActiveCfg = Release|ARM
		{B8719FD5-E8A6-4A36-943C-891D07F5DD21}.ReleaseLib|Any CPU.Build.0 = Release|ARM
		{B8719FD5-E8A6-4A36-943C-891D07F5DD21}.ReleaseLib|x64.ActiveCfg = Release|x64
		{B8719FD5-E8A6-4A36-943C-891D07F5DD21}.ReleaseLib|x64.Build.0 = Release|x64
		{B8719FD5-E8A6-4A36-943C-891D07F5DD21}.ReleaseLib|x86.ActiveCfg = Release-Static|Win32
		{B8719FD5-E8A6-4A36-943C-891D07F5DD21}.ReleaseLib|x86.Build.0 = Release-Static|Win32
		{B8719FD5-E8A6-4A36-943C-891D07F5DD21}.RelWithDebInfo|Any CPU.ActiveCfg = Debug-Dynamic|ARM
		{B8719FD5-E8A6-4A36-943C-891D07F5DD21}.RelWithDebInfo|Any CPU.Build.0 = Debug-Dynamic|ARM
		{B8719FD5-E8A6-4A36-943C-891D07F5DD21}.RelWithDebInfo|x64.ActiveCfg = Release-Dynamic|x64
		{B8719FD5-E8A6-4A36-943C-891D07F5DD21}.RelWithDebInfo|x64.Build.0 = Release-Dynamic|x64
		{B8719FD5-E8A6-4A36-943C-891D07F5DD21}.RelWithDebInfo|x86.ActiveCfg = Release-Dynamic|Win32
		{B8719FD5-E8A6-4A36-943C-891D07F5DD21}.RelWithDebInfo|x86.Build.0 = Release-Dynamic|Win32
		{E23F393D-035D-3A88-8335-96339271FFC2}.Beta|Any CPU.ActiveCfg = Release|Win32
		{E23F393D-035D-3A88-8335-96339271FFC2}.Beta|x64.ActiveCfg = Release|x64
		{E23F393D-035D-3A88-8335-96339271FFC2}.Beta|x64.Build.0 = Release|x64
		{E23F393D-035D-3A88-8335-96339271FFC2}.Beta|x86.ActiveCfg = Release|Win32
		{E23F393D-035D-3A88-8335-96339271FFC2}.Beta|x86.Build.0 = Release|Win32
		{E23F393D-035D-3A88-8335-96339271FFC2}.Debug|Any CPU.ActiveCfg = Debug|Win32
		{E23F393D-035D-3A88-8335-96339271FFC2}.Debug|x64.ActiveCfg = Debug|x64
		{E23F393D-035D-3A88-8335-96339271FFC2}.Debug|x64.Build.0 = Debug|x64
		{E23F393D-035D-3A88-8335-96339271FFC2}.Debug|x86.ActiveCfg = Debug|Win32
		{E23F393D-035D-3A88-8335-96339271FFC2}.Debug|x86.Build.0 = Debug|Win32
		{E23F393D-035D-3A88-8335-96339271FFC2}.MinSizeRel|Any CPU.ActiveCfg = MinSizeRel|x64
		{E23F393D-035D-3A88-8335-96339271FFC2}.MinSizeRel|x64.ActiveCfg = MinSizeRel|x64
		{E23F393D-035D-3A88-8335-96339271FFC2}.MinSizeRel|x64.Build.0 = MinSizeRel|x64
		{E23F393D-035D-3A88-8335-96339271FFC2}.MinSizeRel|x86.ActiveCfg = MinSizeRel|x64
		{E23F393D-035D-3A88-8335-96339271FFC2}.Release|Any CPU.ActiveCfg = Release|Win32
		{E23F393D-035D-3A88-8335-96339271FFC2}.Release|x64.ActiveCfg = Release|x64
		{E23F393D-035D-3A88-8335-96339271FFC2}.Release|x64.Build.0 = Release|x64
		{E23F393D-035D-3A88-8335-96339271FFC2}.Release|x86.ActiveCfg = Release|Win32
		{E23F393D-035D-3A88-8335-96339271FFC2}.Release|x86.Build.0 = Release|Win32
		{E23F393D-035D-3A88-8335-96339271FFC2}.ReleaseCompile|Any CPU.ActiveCfg = Release|x64
		{E23F393D-035D-3A88-8335-96339271FFC2}.ReleaseCompile|Any CPU.Build.0 = Release|x64
		{E23F393D-035D-3A88-8335-96339271FFC2}.ReleaseCompile|x64.ActiveCfg = Release|x64
		{E23F393D-035D-3A88-8335-96339271FFC2}.ReleaseCompile|x64.Build.0 = Release|x64
		{E23F393D-035D-3A88-8335-96339271FFC2}.ReleaseCompile|x86.ActiveCfg = Release|Win32
		{E23F393D-035D-3A88-8335-96339271FFC2}.ReleaseCompile|x86.Build.0 = Release|Win32
		{E23F393D-035D-3A88-8335-96339271FFC2}.ReleaseLib_win32|Any CPU.ActiveCfg = Release|x64
		{E23F393D-035D-3A88-8335-96339271FFC2}.ReleaseLib_win32|Any CPU.Build.0 = Release|x64
		{E23F393D-035D-3A88-8335-96339271FFC2}.ReleaseLib_win32|x64.ActiveCfg = Release|x64
		{E23F393D-035D-3A88-8335-96339271FFC2}.ReleaseLib_win32|x64.Build.0 = Release|x64
		{E23F393D-035D-3A88-8335-96339271FFC2}.ReleaseLib_win32|x86.ActiveCfg = Release|Win32
		{E23F393D-035D-3A88-8335-96339271FFC2}.ReleaseLib_win32|x86.Build.0 = Release|Win32
		{E23F393D-035D-3A88-8335-96339271FFC2}.ReleaseLib|Any CPU.ActiveCfg = Release|x64
		{E23F393D-035D-3A88-8335-96339271FFC2}.ReleaseLib|Any CPU.Build.0 = Release|x64
		{E23F393D-035D-3A88-8335-96339271FFC2}.ReleaseLib|x64.ActiveCfg = Release|x64
		{E23F393D-035D-3A88-8335-96339271FFC2}.ReleaseLib|x64.Build.0 = Release|x64
		{E23F393D-035D-3A88-8335-96339271FFC2}.ReleaseLib|x86.ActiveCfg = Release|Win32
		{E23F393D-035D-3A88-8335-96339271FFC2}.ReleaseLib|x86.Build.0 = Release|Win32
		{E23F393D-035D-3A88-8335-96339271FFC2}.RelWithDebInfo|Any CPU.ActiveCfg = RelWithDebInfo|x64
		{E23F393D-035D-3A88-8335-96339271FFC2}.RelWithDebInfo|x64.ActiveCfg = RelWithDebInfo|x64
		{E23F393D-035D-3A88-8335-96339271FFC2}.RelWithDebInfo|x64.Build.0 = RelWithDebInfo|x64
		{E23F393D-035D-3A88-8335-96339271FFC2}.RelWithDebInfo|x86.ActiveCfg = RelWithDebInfo|x64
		{EC128C5F-DDC7-3828-98C8-B9CEAD61B131}.Beta|Any CPU.ActiveCfg = RelWithDebInfo|x64
		{EC128C5F-DDC7-3828-98C8-B9CEAD61B131}.Beta|Any CPU.Build.0 = RelWithDebInfo|x64
		{EC128C5F-DDC7-3828-98C8-B9CEAD61B131}.Beta|x64.ActiveCfg = RelWithDebInfo|x64
		{EC128C5F-DDC7-3828-98C8-B9CEAD61B131}.Beta|x64.Build.0 = RelWithDebInfo|x64
		{EC128C5F-DDC7-3828-98C8-B9CEAD61B131}.Beta|x86.ActiveCfg = RelWithDebInfo|x64
		{EC128C5F-DDC7-3828-98C8-B9CEAD61B131}.Beta|x86.Build.0 = RelWithDebInfo|x64
		{EC128C5F-DDC7-3828-98C8-B9CEAD61B131}.Debug|Any CPU.ActiveCfg = Debug|x64
		{EC128C5F-DDC7-3828-98C8-B9CEAD61B131}.Debug|x64.ActiveCfg = Debug|x64
		{EC128C5F-DDC7-3828-98C8-B9CEAD61B131}.Debug|x64.Build.0 = Debug|x64
		{EC128C5F-DDC7-3828-98C8-B9CEAD61B131}.Debug|x86.ActiveCfg = Debug|x64
		{EC128C5F-DDC7-3828-98C8-B9CEAD61B131}.MinSizeRel|Any CPU.ActiveCfg = MinSizeRel|x64
		{EC128C5F-DDC7-3828-98C8-B9CEAD61B131}.MinSizeRel|x64.ActiveCfg = MinSizeRel|x64
		{EC128C5F-DDC7-3828-98C8-B9CEAD61B131}.MinSizeRel|x64.Build.0 = MinSizeRel|x64
		{EC128C5F-DDC7-3828-98C8-B9CEAD61B131}.MinSizeRel|x86.ActiveCfg = MinSizeRel|x64
		{EC128C5F-DDC7-3828-98C8-B9CEAD61B131}.Release|Any CPU.ActiveCfg = Release|x64
		{EC128C5F-DDC7-3828-98C8-B9CEAD61B131}.Release|x64.ActiveCfg = Release|x64
		{EC128C5F-DDC7-3828-98C8-B9CEAD61B131}.Release|x64.Build.0 = Release|x64
		{EC128C5F-DDC7-3828-98C8-B9CEAD61B131}.Release|x86.ActiveCfg = Release|x64
		{EC128C5F-DDC7-3828-98C8-B9CEAD61B131}.ReleaseCompile|Any CPU.ActiveCfg = RelWithDebInfo|x64
		{EC128C5F-DDC7-3828-98C8-B9CEAD61B131}.ReleaseCompile|Any CPU.Build.0 = RelWithDebInfo|x64
		{EC128C5F-DDC7-3828-98C8-B9CEAD61B131}.ReleaseCompile|x64.ActiveCfg = Release|x64
		{EC128C5F-DDC7-3828-98C8-B9CEAD61B131}.ReleaseCompile|x64.Build.0 = Release|x64
		{EC128C5F-DDC7-3828-98C8-B9CEAD61B131}.ReleaseCompile|x86.ActiveCfg = RelWithDebInfo|x64
		{EC128C5F-DDC7-3828-98C8-B9CEAD61B131}.ReleaseCompile|x86.Build.0 = RelWithDebInfo|x64
		{EC128C5F-DDC7-3828-98C8-B9CEAD61B131}.ReleaseLib_win32|Any CPU.ActiveCfg = RelWithDebInfo|x64
		{EC128C5F-DDC7-3828-98C8-B9CEAD61B131}.ReleaseLib_win32|Any CPU.Build.0 = RelWithDebInfo|x64
		{EC128C5F-DDC7-3828-98C8-B9CEAD61B131}.ReleaseLib_win32|x64.ActiveCfg = Release|x64
		{EC128C5F-DDC7-3828-98C8-B9CEAD61B131}.ReleaseLib_win32|x64.Build.0 = Release|x64
		{EC128C5F-DDC7-3828-98C8-B9CEAD61B131}.ReleaseLib_win32|x86.ActiveCfg = RelWithDebInfo|x64
		{EC128C5F-DDC7-3828-98C8-B9CEAD61B131}.ReleaseLib_win32|x86.Build.0 = RelWithDebInfo|x64
		{EC128C5F-DDC7-3828-98C8-B9CEAD61B131}.ReleaseLib|Any CPU.ActiveCfg = RelWithDebInfo|x64
		{EC128C5F-DDC7-3828-98C8-B9CEAD61B131}.ReleaseLib|Any CPU.Build.0 = RelWithDebInfo|x64
		{EC128C5F-DDC7-3828-98C8-B9CEAD61B131}.ReleaseLib|x64.ActiveCfg = Release|x64
		{EC128C5F-DDC7-3828-98C8-B9CEAD61B131}.ReleaseLib|x64.Build.0 = Release|x64
		{EC128C5F-DDC7-3828-98C8-B9CEAD61B131}.ReleaseLib|x86.ActiveCfg = RelWithDebInfo|x64
		{EC128C5F-DDC7-3828-98C8-B9CEAD61B131}.ReleaseLib|x86.Build.0 = RelWithDebInfo|x64
		{EC128C5F-DDC7-3828-98C8-B9CEAD61B131}.RelWithDebInfo|Any CPU.ActiveCfg = RelWithDebInfo|x64
		{EC128C5F-DDC7-3828-98C8-B9CEAD61B131}.RelWithDebInfo|x64.ActiveCfg = RelWithDebInfo|x64
		{EC128C5F-DDC7-3828-98C8-B9CEAD61B131}.RelWithDebInfo|x64.Build.0 = RelWithDebInfo|x64
		{EC128C5F-DDC7-3828-98C8-B9CEAD61B131}.RelWithDebInfo|x86.ActiveCfg = RelWithDebInfo|x64
	EndGlobalSection
	GlobalSection(SolutionProperties) = preSolution
		HideSolutionNode = FALSE
	EndGlobalSection
	GlobalSection(NestedProjects) = preSolution
		{8819D074-8F1F-3226-A611-F2E0BD9B6DBE} = {B6752729-7398-46FA-9CF0-DC854C6AB8CA}
		{B39971A8-F247-31DE-8029-A90CE9549533} = {31F92F98-3580-445D-A3DA-D081B427A562}
		{4295A40A-1D7D-3A99-AB29-0C144CAB27F1} = {31F92F98-3580-445D-A3DA-D081B427A562}
		{DBBFBC55-1C20-4D21-AE3B-6E8B14C4FE48} = {1ECB5BD6-B3A0-4135-BA3F-48FC367B61C9}
		{A5D9AA24-08ED-48B9-BD65-F0A25E96BFC4} = {14A77BA7-0E23-4D8F-A74F-5D5D5583035D}
		{14A77BA7-0E23-4D8F-A74F-5D5D5583035D} = {B4FD804C-ABD9-4F54-858B-911F0119580C}
		{7FDE3880-A4AB-49E3-B439-EBEF0A0C7A65} = {14A77BA7-0E23-4D8F-A74F-5D5D5583035D}
		{855DC8C0-D3E9-4A2E-AE47-116605A7BC9B} = {14A77BA7-0E23-4D8F-A74F-5D5D5583035D}
		{FE07F272-AE7F-4549-9E9F-EF9B80CB1693} = {14A77BA7-0E23-4D8F-A74F-5D5D5583035D}
		{DA0E03ED-53A7-4050-8A85-90541C5509F8} = {14A77BA7-0E23-4D8F-A74F-5D5D5583035D}
		{2BB84911-C1B4-4747-B93D-36AA82CC5031} = {14A77BA7-0E23-4D8F-A74F-5D5D5583035D}
		{B82CDD25-6903-430E-BD38-D8129A2015C1} = {14A77BA7-0E23-4D8F-A74F-5D5D5583035D}
		{9CA0FDFB-2172-41FC-B7F1-5CE915EDCB37} = {14A77BA7-0E23-4D8F-A74F-5D5D5583035D}
		{4B5945CD-0CB3-49AA-A7FF-7612D93F82C0} = {14A77BA7-0E23-4D8F-A74F-5D5D5583035D}
		{B8719FD5-E8A6-4A36-943C-891D07F5DD21} = {14A77BA7-0E23-4D8F-A74F-5D5D5583035D}
		{B4FD804C-ABD9-4F54-858B-911F0119580C} = {B6752729-7398-46FA-9CF0-DC854C6AB8CA}
		{E23F393D-035D-3A88-8335-96339271FFC2} = {B4FD804C-ABD9-4F54-858B-911F0119580C}
		{EC128C5F-DDC7-3828-98C8-B9CEAD61B131} = {1ECB5BD6-B3A0-4135-BA3F-48FC367B61C9}
	EndGlobalSection
	GlobalSection(ExtensibilityGlobals) = postSolution
		SolutionGuid = {5C2901E8-26FE-444A-A80E-02AF8147CD34}
	EndGlobalSection
EndGlobal
